// !$*UTF8*$!
{
	archiveVersion = 1;
	classes = {
	};
	objectVersion = 46;
	objects = {

/* Begin PBXBuildFile section */
		19272B0E1827941600E374B5 /* GameKit.framework in Frameworks */ = {isa = PBXBuildFile; fileRef = 19272B0D1827941600E374B5 /* GameKit.framework */; };
		1957EA14181BD77300F5832B /* Foundation.framework in Frameworks */ = {isa = PBXBuildFile; fileRef = 1957EA13181BD77300F5832B /* Foundation.framework */; };
		1957EA16181BD77300F5832B /* CoreGraphics.framework in Frameworks */ = {isa = PBXBuildFile; fileRef = 1957EA15181BD77300F5832B /* CoreGraphics.framework */; };
		1957EA18181BD77300F5832B /* UIKit.framework in Frameworks */ = {isa = PBXBuildFile; fileRef = 1957EA17181BD77300F5832B /* UIKit.framework */; };
		1957EA1A181BD77300F5832B /* GLKit.framework in Frameworks */ = {isa = PBXBuildFile; fileRef = 1957EA19181BD77300F5832B /* GLKit.framework */; };
		1957EA1C181BD77300F5832B /* OpenGLES.framework in Frameworks */ = {isa = PBXBuildFile; fileRef = 1957EA1B181BD77300F5832B /* OpenGLES.framework */; };
		1957EA22181BD77300F5832B /* InfoPlist.strings in Resources */ = {isa = PBXBuildFile; fileRef = 1957EA20181BD77300F5832B /* InfoPlist.strings */; };
		1957EA24181BD77300F5832B /* main.m in Sources */ = {isa = PBXBuildFile; fileRef = 1957EA23181BD77300F5832B /* main.m */; };
		1957EA37181BD77300F5832B /* Images.xcassets in Resources */ = {isa = PBXBuildFile; fileRef = 1957EA36181BD77300F5832B /* Images.xcassets */; };
		1957EA3E181BD77300F5832B /* XCTest.framework in Frameworks */ = {isa = PBXBuildFile; fileRef = 1957EA3D181BD77300F5832B /* XCTest.framework */; };
		1957EA3F181BD77300F5832B /* Foundation.framework in Frameworks */ = {isa = PBXBuildFile; fileRef = 1957EA13181BD77300F5832B /* Foundation.framework */; };
		1957EA40181BD77300F5832B /* UIKit.framework in Frameworks */ = {isa = PBXBuildFile; fileRef = 1957EA17181BD77300F5832B /* UIKit.framework */; };
		1957EA48181BD77300F5832B /* InfoPlist.strings in Resources */ = {isa = PBXBuildFile; fileRef = 1957EA46181BD77300F5832B /* InfoPlist.strings */; };
		1957EA4A181BD77300F5832B /* LudoTests.m in Sources */ = {isa = PBXBuildFile; fileRef = 1957EA49181BD77300F5832B /* LudoTests.m */; };
		195C298A182E1DF800EC9C16 /* he_Console.m in Sources */ = {isa = PBXBuildFile; fileRef = 195C2927182E1DF800EC9C16 /* he_Console.m */; };
		195C298B182E1DF800EC9C16 /* he_LuaInterface.m in Sources */ = {isa = PBXBuildFile; fileRef = 195C2929182E1DF800EC9C16 /* he_LuaInterface.m */; };
		195C298C182E1DF800EC9C16 /* he_Mesh.m in Sources */ = {isa = PBXBuildFile; fileRef = 195C292B182E1DF800EC9C16 /* he_Mesh.m */; };
		195C298D182E1DF800EC9C16 /* he_Root.m in Sources */ = {isa = PBXBuildFile; fileRef = 195C292D182E1DF800EC9C16 /* he_Root.m */; };
		195C298E182E1DF800EC9C16 /* he_Shader.m in Sources */ = {isa = PBXBuildFile; fileRef = 195C292F182E1DF800EC9C16 /* he_Shader.m */; };
		195C298F182E1DF800EC9C16 /* he_Utilities.m in Sources */ = {isa = PBXBuildFile; fileRef = 195C2934182E1DF800EC9C16 /* he_Utilities.m */; };
		195C2990182E1DF800EC9C16 /* LD_AppDelegate.m in Sources */ = {isa = PBXBuildFile; fileRef = 195C2936182E1DF800EC9C16 /* LD_AppDelegate.m */; };
		195C2991182E1DF800EC9C16 /* LD_Game.m in Sources */ = {isa = PBXBuildFile; fileRef = 195C2938182E1DF800EC9C16 /* LD_Game.m */; };
		195C2993182E1DF800EC9C16 /* LD_MoveQueue.m in Sources */ = {isa = PBXBuildFile; fileRef = 195C293C182E1DF800EC9C16 /* LD_MoveQueue.m */; };
		195C2994182E1DF800EC9C16 /* LD_Settings.m in Sources */ = {isa = PBXBuildFile; fileRef = 195C293E182E1DF800EC9C16 /* LD_Settings.m */; };
		195C2996182E1DF800EC9C16 /* LD_ViewController.m in Sources */ = {isa = PBXBuildFile; fileRef = 195C2942182E1DF800EC9C16 /* LD_ViewController.m */; };
		195C2997182E1DF800EC9C16 /* lapi.c in Sources */ = {isa = PBXBuildFile; fileRef = 195C294B182E1DF800EC9C16 /* lapi.c */; };
		195C2998182E1DF800EC9C16 /* lauxlib.c in Sources */ = {isa = PBXBuildFile; fileRef = 195C294D182E1DF800EC9C16 /* lauxlib.c */; };
		195C2999182E1DF800EC9C16 /* lbaselib.c in Sources */ = {isa = PBXBuildFile; fileRef = 195C294E182E1DF800EC9C16 /* lbaselib.c */; };
		195C299A182E1DF800EC9C16 /* lbitlib.c in Sources */ = {isa = PBXBuildFile; fileRef = 195C294F182E1DF800EC9C16 /* lbitlib.c */; };
		195C299B182E1DF800EC9C16 /* lcode.c in Sources */ = {isa = PBXBuildFile; fileRef = 195C2950182E1DF800EC9C16 /* lcode.c */; };
		195C299C182E1DF800EC9C16 /* lcorolib.c in Sources */ = {isa = PBXBuildFile; fileRef = 195C2952182E1DF800EC9C16 /* lcorolib.c */; };
		195C299D182E1DF800EC9C16 /* lctype.c in Sources */ = {isa = PBXBuildFile; fileRef = 195C2953182E1DF800EC9C16 /* lctype.c */; };
		195C299E182E1DF800EC9C16 /* ldblib.c in Sources */ = {isa = PBXBuildFile; fileRef = 195C2955182E1DF800EC9C16 /* ldblib.c */; };
		195C299F182E1DF800EC9C16 /* ldebug.c in Sources */ = {isa = PBXBuildFile; fileRef = 195C2956182E1DF800EC9C16 /* ldebug.c */; };
		195C29A0182E1DF800EC9C16 /* ldo.c in Sources */ = {isa = PBXBuildFile; fileRef = 195C2958182E1DF800EC9C16 /* ldo.c */; };
		195C29A1182E1DF800EC9C16 /* ldump.c in Sources */ = {isa = PBXBuildFile; fileRef = 195C295A182E1DF800EC9C16 /* ldump.c */; };
		195C29A2182E1DF800EC9C16 /* lfunc.c in Sources */ = {isa = PBXBuildFile; fileRef = 195C295B182E1DF800EC9C16 /* lfunc.c */; };
		195C29A3182E1DF800EC9C16 /* lgc.c in Sources */ = {isa = PBXBuildFile; fileRef = 195C295D182E1DF800EC9C16 /* lgc.c */; };
		195C29A4182E1DF800EC9C16 /* linit.c in Sources */ = {isa = PBXBuildFile; fileRef = 195C295F182E1DF800EC9C16 /* linit.c */; };
		195C29A5182E1DF800EC9C16 /* liolib.c in Sources */ = {isa = PBXBuildFile; fileRef = 195C2960182E1DF800EC9C16 /* liolib.c */; };
		195C29A6182E1DF800EC9C16 /* llex.c in Sources */ = {isa = PBXBuildFile; fileRef = 195C2961182E1DF800EC9C16 /* llex.c */; };
		195C29A7182E1DF800EC9C16 /* lmathlib.c in Sources */ = {isa = PBXBuildFile; fileRef = 195C2964182E1DF800EC9C16 /* lmathlib.c */; };
		195C29A8182E1DF800EC9C16 /* lmem.c in Sources */ = {isa = PBXBuildFile; fileRef = 195C2965182E1DF800EC9C16 /* lmem.c */; };
		195C29A9182E1DF800EC9C16 /* loadlib.c in Sources */ = {isa = PBXBuildFile; fileRef = 195C2967182E1DF800EC9C16 /* loadlib.c */; };
		195C29AA182E1DF800EC9C16 /* lobject.c in Sources */ = {isa = PBXBuildFile; fileRef = 195C2968182E1DF800EC9C16 /* lobject.c */; };
		195C29AB182E1DF800EC9C16 /* lopcodes.c in Sources */ = {isa = PBXBuildFile; fileRef = 195C296A182E1DF800EC9C16 /* lopcodes.c */; };
		195C29AC182E1DF800EC9C16 /* loslib.c in Sources */ = {isa = PBXBuildFile; fileRef = 195C296C182E1DF800EC9C16 /* loslib.c */; };
		195C29AD182E1DF800EC9C16 /* lparser.c in Sources */ = {isa = PBXBuildFile; fileRef = 195C296D182E1DF800EC9C16 /* lparser.c */; };
		195C29AE182E1DF800EC9C16 /* lstate.c in Sources */ = {isa = PBXBuildFile; fileRef = 195C296F182E1DF800EC9C16 /* lstate.c */; };
		195C29AF182E1DF800EC9C16 /* lstring.c in Sources */ = {isa = PBXBuildFile; fileRef = 195C2971182E1DF800EC9C16 /* lstring.c */; };
		195C29B0182E1DF800EC9C16 /* lstrlib.c in Sources */ = {isa = PBXBuildFile; fileRef = 195C2973182E1DF800EC9C16 /* lstrlib.c */; };
		195C29B1182E1DF800EC9C16 /* ltable.c in Sources */ = {isa = PBXBuildFile; fileRef = 195C2974182E1DF800EC9C16 /* ltable.c */; };
		195C29B2182E1DF800EC9C16 /* ltablib.c in Sources */ = {isa = PBXBuildFile; fileRef = 195C2976182E1DF800EC9C16 /* ltablib.c */; };
		195C29B3182E1DF800EC9C16 /* ltm.c in Sources */ = {isa = PBXBuildFile; fileRef = 195C2977182E1DF800EC9C16 /* ltm.c */; };
		195C29B4182E1DF800EC9C16 /* lundump.c in Sources */ = {isa = PBXBuildFile; fileRef = 195C2979182E1DF800EC9C16 /* lundump.c */; };
		195C29B5182E1DF800EC9C16 /* lvm.c in Sources */ = {isa = PBXBuildFile; fileRef = 195C297B182E1DF800EC9C16 /* lvm.c */; };
		195C29B6182E1DF800EC9C16 /* lzio.c in Sources */ = {isa = PBXBuildFile; fileRef = 195C297D182E1DF800EC9C16 /* lzio.c */; };
		195C29B7182E1DF800EC9C16 /* LD_MenuController.m in Sources */ = {isa = PBXBuildFile; fileRef = 195C2981182E1DF800EC9C16 /* LD_MenuController.m */; };
		195C29B8182E1DF800EC9C16 /* LD_PieceView.m in Sources */ = {isa = PBXBuildFile; fileRef = 195C2983182E1DF800EC9C16 /* LD_PieceView.m */; };
		195C29BA182E1DF800EC9C16 /* LD_RootViewController.m in Sources */ = {isa = PBXBuildFile; fileRef = 195C2987182E1DF800EC9C16 /* LD_RootViewController.m */; };
		195C29BB182E1DF800EC9C16 /* LD_SelectorViewController.m in Sources */ = {isa = PBXBuildFile; fileRef = 195C2989182E1DF800EC9C16 /* LD_SelectorViewController.m */; };
		195C29BE182E212A00EC9C16 /* LD_Utilities.m in Sources */ = {isa = PBXBuildFile; fileRef = 195C29BD182E212A00EC9C16 /* LD_Utilities.m */; };
		195C29C2182E23F900EC9C16 /* he_Transform.m in Sources */ = {isa = PBXBuildFile; fileRef = 195C29C1182E23F900EC9C16 /* he_Transform.m */; };
		195C29C5182E270D00EC9C16 /* LD_Context.m in Sources */ = {isa = PBXBuildFile; fileRef = 195C29C4182E270D00EC9C16 /* LD_Context.m */; };
		19681112181D6BA60043DBF0 /* Main_iPad.storyboard in Resources */ = {isa = PBXBuildFile; fileRef = 1968110E181D6BA60043DBF0 /* Main_iPad.storyboard */; };
		19681113181D6BA60043DBF0 /* Main_iPhone.storyboard in Resources */ = {isa = PBXBuildFile; fileRef = 19681110181D6BA60043DBF0 /* Main_iPhone.storyboard */; };
		19BCCBC0181D09490087BC8E /* mesh.fsh in Resources */ = {isa = PBXBuildFile; fileRef = 19BCCBA9181D09490087BC8E /* mesh.fsh */; };
		19BCCBC1181D09490087BC8E /* mesh.vsh in Resources */ = {isa = PBXBuildFile; fileRef = 19BCCBAA181D09490087BC8E /* mesh.vsh */; };
		19BCCBE7181D10210087BC8E /* color.vsh in Resources */ = {isa = PBXBuildFile; fileRef = 19BCCBE6181D10210087BC8E /* color.vsh */; };
		19BCCBE9181D104F0087BC8E /* color.fsh in Resources */ = {isa = PBXBuildFile; fileRef = 19BCCBE8181D104F0087BC8E /* color.fsh */; };
		19C4FAC5182F624D00DDE06B /* LD_AI.m in Sources */ = {isa = PBXBuildFile; fileRef = 19C4FAC4182F624D00DDE06B /* LD_AI.m */; };
		19C4FAC8182F724000DDE06B /* LD_File.m in Sources */ = {isa = PBXBuildFile; fileRef = 19C4FAC7182F724000DDE06B /* LD_File.m */; };
		19F68B301820357700A90621 /* avg.lua in Resources */ = {isa = PBXBuildFile; fileRef = 19F68B2F1820357700A90621 /* avg.lua */; };
		19F68B3218203E3000A90621 /* add.lua in Resources */ = {isa = PBXBuildFile; fileRef = 19F68B3118203E3000A90621 /* add.lua */; };
/* End PBXBuildFile section */

/* Begin PBXContainerItemProxy section */
		1957EA41181BD77300F5832B /* PBXContainerItemProxy */ = {
			isa = PBXContainerItemProxy;
			containerPortal = 1957EA08181BD77300F5832B /* Project object */;
			proxyType = 1;
			remoteGlobalIDString = 1957EA0F181BD77300F5832B;
			remoteInfo = Ludo;
		};
/* End PBXContainerItemProxy section */

/* Begin PBXFileReference section */
		19272B0D1827941600E374B5 /* GameKit.framework */ = {isa = PBXFileReference; lastKnownFileType = wrapper.framework; name = GameKit.framework; path = System/Library/Frameworks/GameKit.framework; sourceTree = SDKROOT; };
		1957EA10181BD77300F5832B /* Ludo.app */ = {isa = PBXFileReference; explicitFileType = wrapper.application; includeInIndex = 0; path = Ludo.app; sourceTree = BUILT_PRODUCTS_DIR; };
		1957EA13181BD77300F5832B /* Foundation.framework */ = {isa = PBXFileReference; lastKnownFileType = wrapper.framework; name = Foundation.framework; path = System/Library/Frameworks/Foundation.framework; sourceTree = SDKROOT; };
		1957EA15181BD77300F5832B /* CoreGraphics.framework */ = {isa = PBXFileReference; lastKnownFileType = wrapper.framework; name = CoreGraphics.framework; path = System/Library/Frameworks/CoreGraphics.framework; sourceTree = SDKROOT; };
		1957EA17181BD77300F5832B /* UIKit.framework */ = {isa = PBXFileReference; lastKnownFileType = wrapper.framework; name = UIKit.framework; path = System/Library/Frameworks/UIKit.framework; sourceTree = SDKROOT; };
		1957EA19181BD77300F5832B /* GLKit.framework */ = {isa = PBXFileReference; lastKnownFileType = wrapper.framework; name = GLKit.framework; path = System/Library/Frameworks/GLKit.framework; sourceTree = SDKROOT; };
		1957EA1B181BD77300F5832B /* OpenGLES.framework */ = {isa = PBXFileReference; lastKnownFileType = wrapper.framework; name = OpenGLES.framework; path = System/Library/Frameworks/OpenGLES.framework; sourceTree = SDKROOT; };
		1957EA1F181BD77300F5832B /* Ludo-Info.plist */ = {isa = PBXFileReference; lastKnownFileType = text.plist.xml; path = "Ludo-Info.plist"; sourceTree = "<group>"; };
		1957EA21181BD77300F5832B /* en */ = {isa = PBXFileReference; lastKnownFileType = text.plist.strings; name = en; path = en.lproj/InfoPlist.strings; sourceTree = "<group>"; };
		1957EA23181BD77300F5832B /* main.m */ = {isa = PBXFileReference; lastKnownFileType = sourcecode.c.objc; path = main.m; sourceTree = "<group>"; };
		1957EA25181BD77300F5832B /* Ludo-Prefix.pch */ = {isa = PBXFileReference; lastKnownFileType = sourcecode.c.h; path = "Ludo-Prefix.pch"; sourceTree = "<group>"; };
		1957EA36181BD77300F5832B /* Images.xcassets */ = {isa = PBXFileReference; lastKnownFileType = folder.assetcatalog; path = Images.xcassets; sourceTree = "<group>"; };
		1957EA3C181BD77300F5832B /* LudoTests.xctest */ = {isa = PBXFileReference; explicitFileType = wrapper.cfbundle; includeInIndex = 0; path = LudoTests.xctest; sourceTree = BUILT_PRODUCTS_DIR; };
		1957EA3D181BD77300F5832B /* XCTest.framework */ = {isa = PBXFileReference; lastKnownFileType = wrapper.framework; name = XCTest.framework; path = Library/Frameworks/XCTest.framework; sourceTree = DEVELOPER_DIR; };
		1957EA45181BD77300F5832B /* LudoTests-Info.plist */ = {isa = PBXFileReference; lastKnownFileType = text.plist.xml; path = "LudoTests-Info.plist"; sourceTree = "<group>"; };
		1957EA47181BD77300F5832B /* en */ = {isa = PBXFileReference; lastKnownFileType = text.plist.strings; name = en; path = en.lproj/InfoPlist.strings; sourceTree = "<group>"; };
		1957EA49181BD77300F5832B /* LudoTests.m */ = {isa = PBXFileReference; lastKnownFileType = sourcecode.c.objc; path = LudoTests.m; sourceTree = "<group>"; };
		195C2926182E1DF800EC9C16 /* he_Console.h */ = {isa = PBXFileReference; fileEncoding = 4; lastKnownFileType = sourcecode.c.h; path = he_Console.h; sourceTree = "<group>"; };
		195C2927182E1DF800EC9C16 /* he_Console.m */ = {isa = PBXFileReference; fileEncoding = 4; lastKnownFileType = sourcecode.c.objc; path = he_Console.m; sourceTree = "<group>"; };
		195C2928182E1DF800EC9C16 /* he_Constants.h */ = {isa = PBXFileReference; fileEncoding = 4; lastKnownFileType = sourcecode.c.h; path = he_Constants.h; sourceTree = "<group>"; };
		195C2929182E1DF800EC9C16 /* he_LuaInterface.m */ = {isa = PBXFileReference; fileEncoding = 4; lastKnownFileType = sourcecode.c.objc; path = he_LuaInterface.m; sourceTree = "<group>"; };
		195C292A182E1DF800EC9C16 /* he_Mesh.h */ = {isa = PBXFileReference; fileEncoding = 4; lastKnownFileType = sourcecode.c.h; path = he_Mesh.h; sourceTree = "<group>"; };
		195C292B182E1DF800EC9C16 /* he_Mesh.m */ = {isa = PBXFileReference; fileEncoding = 4; lastKnownFileType = sourcecode.c.objc; path = he_Mesh.m; sourceTree = "<group>"; };
		195C292C182E1DF800EC9C16 /* he_Root.h */ = {isa = PBXFileReference; fileEncoding = 4; lastKnownFileType = sourcecode.c.h; path = he_Root.h; sourceTree = "<group>"; };
		195C292D182E1DF800EC9C16 /* he_Root.m */ = {isa = PBXFileReference; fileEncoding = 4; lastKnownFileType = sourcecode.c.objc; path = he_Root.m; sourceTree = "<group>"; };
		195C292E182E1DF800EC9C16 /* he_Shader.h */ = {isa = PBXFileReference; fileEncoding = 4; lastKnownFileType = sourcecode.c.h; path = he_Shader.h; sourceTree = "<group>"; };
		195C292F182E1DF800EC9C16 /* he_Shader.m */ = {isa = PBXFileReference; fileEncoding = 4; lastKnownFileType = sourcecode.c.objc; path = he_Shader.m; sourceTree = "<group>"; };
		195C2930182E1DF800EC9C16 /* he_std_incl.h */ = {isa = PBXFileReference; fileEncoding = 4; lastKnownFileType = sourcecode.c.h; path = he_std_incl.h; sourceTree = "<group>"; };
		195C2931182E1DF800EC9C16 /* he_Transform.h */ = {isa = PBXFileReference; fileEncoding = 4; lastKnownFileType = sourcecode.c.h; path = he_Transform.h; sourceTree = "<group>"; };
		195C2932182E1DF800EC9C16 /* he_Types.h */ = {isa = PBXFileReference; fileEncoding = 4; lastKnownFileType = sourcecode.c.h; path = he_Types.h; sourceTree = "<group>"; };
		195C2933182E1DF800EC9C16 /* he_Utilities.h */ = {isa = PBXFileReference; fileEncoding = 4; lastKnownFileType = sourcecode.c.h; path = he_Utilities.h; sourceTree = "<group>"; };
		195C2934182E1DF800EC9C16 /* he_Utilities.m */ = {isa = PBXFileReference; fileEncoding = 4; lastKnownFileType = sourcecode.c.objc; path = he_Utilities.m; sourceTree = "<group>"; };
		195C2935182E1DF800EC9C16 /* LD_AppDelegate.h */ = {isa = PBXFileReference; fileEncoding = 4; lastKnownFileType = sourcecode.c.h; path = LD_AppDelegate.h; sourceTree = "<group>"; };
		195C2936182E1DF800EC9C16 /* LD_AppDelegate.m */ = {isa = PBXFileReference; fileEncoding = 4; lastKnownFileType = sourcecode.c.objc; path = LD_AppDelegate.m; sourceTree = "<group>"; };
		195C2937182E1DF800EC9C16 /* LD_Game.h */ = {isa = PBXFileReference; fileEncoding = 4; lastKnownFileType = sourcecode.c.h; path = LD_Game.h; sourceTree = "<group>"; };
		195C2938182E1DF800EC9C16 /* LD_Game.m */ = {isa = PBXFileReference; fileEncoding = 4; lastKnownFileType = sourcecode.c.objc; path = LD_Game.m; sourceTree = "<group>"; };
		195C293B182E1DF800EC9C16 /* LD_MoveQueue.h */ = {isa = PBXFileReference; fileEncoding = 4; lastKnownFileType = sourcecode.c.h; path = LD_MoveQueue.h; sourceTree = "<group>"; };
		195C293C182E1DF800EC9C16 /* LD_MoveQueue.m */ = {isa = PBXFileReference; fileEncoding = 4; lastKnownFileType = sourcecode.c.objc; path = LD_MoveQueue.m; sourceTree = "<group>"; };
		195C293D182E1DF800EC9C16 /* LD_Settings.h */ = {isa = PBXFileReference; fileEncoding = 4; lastKnownFileType = sourcecode.c.h; path = LD_Settings.h; sourceTree = "<group>"; };
		195C293E182E1DF800EC9C16 /* LD_Settings.m */ = {isa = PBXFileReference; fileEncoding = 4; lastKnownFileType = sourcecode.c.objc; path = LD_Settings.m; sourceTree = "<group>"; };
		195C2940182E1DF800EC9C16 /* LD_Types.h */ = {isa = PBXFileReference; fileEncoding = 4; lastKnownFileType = sourcecode.c.h; path = LD_Types.h; sourceTree = "<group>"; };
		195C2941182E1DF800EC9C16 /* LD_ViewController.h */ = {isa = PBXFileReference; fileEncoding = 4; lastKnownFileType = sourcecode.c.h; path = LD_ViewController.h; sourceTree = "<group>"; };
		195C2942182E1DF800EC9C16 /* LD_ViewController.m */ = {isa = PBXFileReference; fileEncoding = 4; lastKnownFileType = sourcecode.c.objc; path = LD_ViewController.m; sourceTree = "<group>"; };
		195C2945182E1DF800EC9C16 /* lauxlib.h */ = {isa = PBXFileReference; fileEncoding = 4; lastKnownFileType = sourcecode.c.h; path = lauxlib.h; sourceTree = "<group>"; };
		195C2946182E1DF800EC9C16 /* lua.h */ = {isa = PBXFileReference; fileEncoding = 4; lastKnownFileType = sourcecode.c.h; path = lua.h; sourceTree = "<group>"; };
		195C2947182E1DF800EC9C16 /* lua.hpp */ = {isa = PBXFileReference; fileEncoding = 4; lastKnownFileType = sourcecode.cpp.h; path = lua.hpp; sourceTree = "<group>"; };
		195C2948182E1DF800EC9C16 /* luaconf.h */ = {isa = PBXFileReference; fileEncoding = 4; lastKnownFileType = sourcecode.c.h; path = luaconf.h; sourceTree = "<group>"; };
		195C2949182E1DF800EC9C16 /* lualib.h */ = {isa = PBXFileReference; fileEncoding = 4; lastKnownFileType = sourcecode.c.h; path = lualib.h; sourceTree = "<group>"; };
		195C294B182E1DF800EC9C16 /* lapi.c */ = {isa = PBXFileReference; fileEncoding = 4; lastKnownFileType = sourcecode.c.c; path = lapi.c; sourceTree = "<group>"; };
		195C294C182E1DF800EC9C16 /* lapi.h */ = {isa = PBXFileReference; fileEncoding = 4; lastKnownFileType = sourcecode.c.h; path = lapi.h; sourceTree = "<group>"; };
		195C294D182E1DF800EC9C16 /* lauxlib.c */ = {isa = PBXFileReference; fileEncoding = 4; lastKnownFileType = sourcecode.c.c; path = lauxlib.c; sourceTree = "<group>"; };
		195C294E182E1DF800EC9C16 /* lbaselib.c */ = {isa = PBXFileReference; fileEncoding = 4; lastKnownFileType = sourcecode.c.c; path = lbaselib.c; sourceTree = "<group>"; };
		195C294F182E1DF800EC9C16 /* lbitlib.c */ = {isa = PBXFileReference; fileEncoding = 4; lastKnownFileType = sourcecode.c.c; path = lbitlib.c; sourceTree = "<group>"; };
		195C2950182E1DF800EC9C16 /* lcode.c */ = {isa = PBXFileReference; fileEncoding = 4; lastKnownFileType = sourcecode.c.c; path = lcode.c; sourceTree = "<group>"; };
		195C2951182E1DF800EC9C16 /* lcode.h */ = {isa = PBXFileReference; fileEncoding = 4; lastKnownFileType = sourcecode.c.h; path = lcode.h; sourceTree = "<group>"; };
		195C2952182E1DF800EC9C16 /* lcorolib.c */ = {isa = PBXFileReference; fileEncoding = 4; lastKnownFileType = sourcecode.c.c; path = lcorolib.c; sourceTree = "<group>"; };
		195C2953182E1DF800EC9C16 /* lctype.c */ = {isa = PBXFileReference; fileEncoding = 4; lastKnownFileType = sourcecode.c.c; path = lctype.c; sourceTree = "<group>"; };
		195C2954182E1DF800EC9C16 /* lctype.h */ = {isa = PBXFileReference; fileEncoding = 4; lastKnownFileType = sourcecode.c.h; path = lctype.h; sourceTree = "<group>"; };
		195C2955182E1DF800EC9C16 /* ldblib.c */ = {isa = PBXFileReference; fileEncoding = 4; lastKnownFileType = sourcecode.c.c; path = ldblib.c; sourceTree = "<group>"; };
		195C2956182E1DF800EC9C16 /* ldebug.c */ = {isa = PBXFileReference; fileEncoding = 4; lastKnownFileType = sourcecode.c.c; path = ldebug.c; sourceTree = "<group>"; };
		195C2957182E1DF800EC9C16 /* ldebug.h */ = {isa = PBXFileReference; fileEncoding = 4; lastKnownFileType = sourcecode.c.h; path = ldebug.h; sourceTree = "<group>"; };
		195C2958182E1DF800EC9C16 /* ldo.c */ = {isa = PBXFileReference; fileEncoding = 4; lastKnownFileType = sourcecode.c.c; path = ldo.c; sourceTree = "<group>"; };
		195C2959182E1DF800EC9C16 /* ldo.h */ = {isa = PBXFileReference; fileEncoding = 4; lastKnownFileType = sourcecode.c.h; path = ldo.h; sourceTree = "<group>"; };
		195C295A182E1DF800EC9C16 /* ldump.c */ = {isa = PBXFileReference; fileEncoding = 4; lastKnownFileType = sourcecode.c.c; path = ldump.c; sourceTree = "<group>"; };
		195C295B182E1DF800EC9C16 /* lfunc.c */ = {isa = PBXFileReference; fileEncoding = 4; lastKnownFileType = sourcecode.c.c; path = lfunc.c; sourceTree = "<group>"; };
		195C295C182E1DF800EC9C16 /* lfunc.h */ = {isa = PBXFileReference; fileEncoding = 4; lastKnownFileType = sourcecode.c.h; path = lfunc.h; sourceTree = "<group>"; };
		195C295D182E1DF800EC9C16 /* lgc.c */ = {isa = PBXFileReference; fileEncoding = 4; lastKnownFileType = sourcecode.c.c; path = lgc.c; sourceTree = "<group>"; };
		195C295E182E1DF800EC9C16 /* lgc.h */ = {isa = PBXFileReference; fileEncoding = 4; lastKnownFileType = sourcecode.c.h; path = lgc.h; sourceTree = "<group>"; };
		195C295F182E1DF800EC9C16 /* linit.c */ = {isa = PBXFileReference; fileEncoding = 4; lastKnownFileType = sourcecode.c.c; path = linit.c; sourceTree = "<group>"; };
		195C2960182E1DF800EC9C16 /* liolib.c */ = {isa = PBXFileReference; fileEncoding = 4; lastKnownFileType = sourcecode.c.c; path = liolib.c; sourceTree = "<group>"; };
		195C2961182E1DF800EC9C16 /* llex.c */ = {isa = PBXFileReference; fileEncoding = 4; lastKnownFileType = sourcecode.c.c; path = llex.c; sourceTree = "<group>"; };
		195C2962182E1DF800EC9C16 /* llex.h */ = {isa = PBXFileReference; fileEncoding = 4; lastKnownFileType = sourcecode.c.h; path = llex.h; sourceTree = "<group>"; };
		195C2963182E1DF800EC9C16 /* llimits.h */ = {isa = PBXFileReference; fileEncoding = 4; lastKnownFileType = sourcecode.c.h; path = llimits.h; sourceTree = "<group>"; };
		195C2964182E1DF800EC9C16 /* lmathlib.c */ = {isa = PBXFileReference; fileEncoding = 4; lastKnownFileType = sourcecode.c.c; path = lmathlib.c; sourceTree = "<group>"; };
		195C2965182E1DF800EC9C16 /* lmem.c */ = {isa = PBXFileReference; fileEncoding = 4; lastKnownFileType = sourcecode.c.c; path = lmem.c; sourceTree = "<group>"; };
		195C2966182E1DF800EC9C16 /* lmem.h */ = {isa = PBXFileReference; fileEncoding = 4; lastKnownFileType = sourcecode.c.h; path = lmem.h; sourceTree = "<group>"; };
		195C2967182E1DF800EC9C16 /* loadlib.c */ = {isa = PBXFileReference; fileEncoding = 4; lastKnownFileType = sourcecode.c.c; path = loadlib.c; sourceTree = "<group>"; };
		195C2968182E1DF800EC9C16 /* lobject.c */ = {isa = PBXFileReference; fileEncoding = 4; lastKnownFileType = sourcecode.c.c; path = lobject.c; sourceTree = "<group>"; };
		195C2969182E1DF800EC9C16 /* lobject.h */ = {isa = PBXFileReference; fileEncoding = 4; lastKnownFileType = sourcecode.c.h; path = lobject.h; sourceTree = "<group>"; };
		195C296A182E1DF800EC9C16 /* lopcodes.c */ = {isa = PBXFileReference; fileEncoding = 4; lastKnownFileType = sourcecode.c.c; path = lopcodes.c; sourceTree = "<group>"; };
		195C296B182E1DF800EC9C16 /* lopcodes.h */ = {isa = PBXFileReference; fileEncoding = 4; lastKnownFileType = sourcecode.c.h; path = lopcodes.h; sourceTree = "<group>"; };
		195C296C182E1DF800EC9C16 /* loslib.c */ = {isa = PBXFileReference; fileEncoding = 4; lastKnownFileType = sourcecode.c.c; path = loslib.c; sourceTree = "<group>"; };
		195C296D182E1DF800EC9C16 /* lparser.c */ = {isa = PBXFileReference; fileEncoding = 4; lastKnownFileType = sourcecode.c.c; path = lparser.c; sourceTree = "<group>"; };
		195C296E182E1DF800EC9C16 /* lparser.h */ = {isa = PBXFileReference; fileEncoding = 4; lastKnownFileType = sourcecode.c.h; path = lparser.h; sourceTree = "<group>"; };
		195C296F182E1DF800EC9C16 /* lstate.c */ = {isa = PBXFileReference; fileEncoding = 4; lastKnownFileType = sourcecode.c.c; path = lstate.c; sourceTree = "<group>"; };
		195C2970182E1DF800EC9C16 /* lstate.h */ = {isa = PBXFileReference; fileEncoding = 4; lastKnownFileType = sourcecode.c.h; path = lstate.h; sourceTree = "<group>"; };
		195C2971182E1DF800EC9C16 /* lstring.c */ = {isa = PBXFileReference; fileEncoding = 4; lastKnownFileType = sourcecode.c.c; path = lstring.c; sourceTree = "<group>"; };
		195C2972182E1DF800EC9C16 /* lstring.h */ = {isa = PBXFileReference; fileEncoding = 4; lastKnownFileType = sourcecode.c.h; path = lstring.h; sourceTree = "<group>"; };
		195C2973182E1DF800EC9C16 /* lstrlib.c */ = {isa = PBXFileReference; fileEncoding = 4; lastKnownFileType = sourcecode.c.c; path = lstrlib.c; sourceTree = "<group>"; };
		195C2974182E1DF800EC9C16 /* ltable.c */ = {isa = PBXFileReference; fileEncoding = 4; lastKnownFileType = sourcecode.c.c; path = ltable.c; sourceTree = "<group>"; };
		195C2975182E1DF800EC9C16 /* ltable.h */ = {isa = PBXFileReference; fileEncoding = 4; lastKnownFileType = sourcecode.c.h; path = ltable.h; sourceTree = "<group>"; };
		195C2976182E1DF800EC9C16 /* ltablib.c */ = {isa = PBXFileReference; fileEncoding = 4; lastKnownFileType = sourcecode.c.c; path = ltablib.c; sourceTree = "<group>"; };
		195C2977182E1DF800EC9C16 /* ltm.c */ = {isa = PBXFileReference; fileEncoding = 4; lastKnownFileType = sourcecode.c.c; path = ltm.c; sourceTree = "<group>"; };
		195C2978182E1DF800EC9C16 /* ltm.h */ = {isa = PBXFileReference; fileEncoding = 4; lastKnownFileType = sourcecode.c.h; path = ltm.h; sourceTree = "<group>"; };
		195C2979182E1DF800EC9C16 /* lundump.c */ = {isa = PBXFileReference; fileEncoding = 4; lastKnownFileType = sourcecode.c.c; path = lundump.c; sourceTree = "<group>"; };
		195C297A182E1DF800EC9C16 /* lundump.h */ = {isa = PBXFileReference; fileEncoding = 4; lastKnownFileType = sourcecode.c.h; path = lundump.h; sourceTree = "<group>"; };
		195C297B182E1DF800EC9C16 /* lvm.c */ = {isa = PBXFileReference; fileEncoding = 4; lastKnownFileType = sourcecode.c.c; path = lvm.c; sourceTree = "<group>"; };
		195C297C182E1DF800EC9C16 /* lvm.h */ = {isa = PBXFileReference; fileEncoding = 4; lastKnownFileType = sourcecode.c.h; path = lvm.h; sourceTree = "<group>"; };
		195C297D182E1DF800EC9C16 /* lzio.c */ = {isa = PBXFileReference; fileEncoding = 4; lastKnownFileType = sourcecode.c.c; path = lzio.c; sourceTree = "<group>"; };
		195C297E182E1DF800EC9C16 /* lzio.h */ = {isa = PBXFileReference; fileEncoding = 4; lastKnownFileType = sourcecode.c.h; path = lzio.h; sourceTree = "<group>"; };
		195C2980182E1DF800EC9C16 /* LD_MenuController.h */ = {isa = PBXFileReference; fileEncoding = 4; lastKnownFileType = sourcecode.c.h; path = LD_MenuController.h; sourceTree = "<group>"; };
		195C2981182E1DF800EC9C16 /* LD_MenuController.m */ = {isa = PBXFileReference; fileEncoding = 4; lastKnownFileType = sourcecode.c.objc; path = LD_MenuController.m; sourceTree = "<group>"; };
		195C2982182E1DF800EC9C16 /* LD_PieceView.h */ = {isa = PBXFileReference; fileEncoding = 4; lastKnownFileType = sourcecode.c.h; path = LD_PieceView.h; sourceTree = "<group>"; };
		195C2983182E1DF800EC9C16 /* LD_PieceView.m */ = {isa = PBXFileReference; fileEncoding = 4; lastKnownFileType = sourcecode.c.objc; path = LD_PieceView.m; sourceTree = "<group>"; };
		195C2986182E1DF800EC9C16 /* LD_RootViewController.h */ = {isa = PBXFileReference; fileEncoding = 4; lastKnownFileType = sourcecode.c.h; path = LD_RootViewController.h; sourceTree = "<group>"; };
		195C2987182E1DF800EC9C16 /* LD_RootViewController.m */ = {isa = PBXFileReference; fileEncoding = 4; lastKnownFileType = sourcecode.c.objc; path = LD_RootViewController.m; sourceTree = "<group>"; };
		195C2988182E1DF800EC9C16 /* LD_SelectorViewController.h */ = {isa = PBXFileReference; fileEncoding = 4; lastKnownFileType = sourcecode.c.h; path = LD_SelectorViewController.h; sourceTree = "<group>"; };
		195C2989182E1DF800EC9C16 /* LD_SelectorViewController.m */ = {isa = PBXFileReference; fileEncoding = 4; lastKnownFileType = sourcecode.c.objc; path = LD_SelectorViewController.m; sourceTree = "<group>"; };
		195C29BC182E212A00EC9C16 /* LD_Utilities.h */ = {isa = PBXFileReference; fileEncoding = 4; lastKnownFileType = sourcecode.c.h; path = LD_Utilities.h; sourceTree = "<group>"; };
		195C29BD182E212A00EC9C16 /* LD_Utilities.m */ = {isa = PBXFileReference; fileEncoding = 4; lastKnownFileType = sourcecode.c.objc; path = LD_Utilities.m; sourceTree = "<group>"; };
		195C29C1182E23F900EC9C16 /* he_Transform.m */ = {isa = PBXFileReference; fileEncoding = 4; lastKnownFileType = sourcecode.c.objc; path = he_Transform.m; sourceTree = "<group>"; };
		195C29C3182E270D00EC9C16 /* LD_Context.h */ = {isa = PBXFileReference; fileEncoding = 4; lastKnownFileType = sourcecode.c.h; path = LD_Context.h; sourceTree = "<group>"; };
		195C29C4182E270D00EC9C16 /* LD_Context.m */ = {isa = PBXFileReference; fileEncoding = 4; lastKnownFileType = sourcecode.c.objc; path = LD_Context.m; sourceTree = "<group>"; };
		195C29C6182E280B00EC9C16 /* LD_Constants.h */ = {isa = PBXFileReference; lastKnownFileType = sourcecode.c.h; path = LD_Constants.h; sourceTree = "<group>"; };
		1968110F181D6BA60043DBF0 /* Base */ = {isa = PBXFileReference; lastKnownFileType = file.storyboard; name = Base; path = Base.lproj/Main_iPad.storyboard; sourceTree = "<group>"; };
		19681111181D6BA60043DBF0 /* Base */ = {isa = PBXFileReference; lastKnownFileType = file.storyboard; name = Base; path = Base.lproj/Main_iPhone.storyboard; sourceTree = "<group>"; };
		19BCCBA9181D09490087BC8E /* mesh.fsh */ = {isa = PBXFileReference; fileEncoding = 4; lastKnownFileType = sourcecode.glsl; path = mesh.fsh; sourceTree = "<group>"; };
		19BCCBAA181D09490087BC8E /* mesh.vsh */ = {isa = PBXFileReference; fileEncoding = 4; lastKnownFileType = sourcecode.glsl; path = mesh.vsh; sourceTree = "<group>"; };
		19BCCBE6181D10210087BC8E /* color.vsh */ = {isa = PBXFileReference; fileEncoding = 4; lastKnownFileType = sourcecode.glsl; path = color.vsh; sourceTree = "<group>"; };
		19BCCBE8181D104F0087BC8E /* color.fsh */ = {isa = PBXFileReference; fileEncoding = 4; lastKnownFileType = sourcecode.glsl; path = color.fsh; sourceTree = "<group>"; };
		19C4FAC3182F624D00DDE06B /* LD_AI.h */ = {isa = PBXFileReference; fileEncoding = 4; lastKnownFileType = sourcecode.c.h; path = LD_AI.h; sourceTree = "<group>"; };
		19C4FAC4182F624D00DDE06B /* LD_AI.m */ = {isa = PBXFileReference; fileEncoding = 4; lastKnownFileType = sourcecode.c.objc; path = LD_AI.m; sourceTree = "<group>"; };
		19C4FAC6182F724000DDE06B /* LD_File.h */ = {isa = PBXFileReference; fileEncoding = 4; lastKnownFileType = sourcecode.c.h; path = LD_File.h; sourceTree = "<group>"; };
		19C4FAC7182F724000DDE06B /* LD_File.m */ = {isa = PBXFileReference; fileEncoding = 4; lastKnownFileType = sourcecode.c.objc; path = LD_File.m; sourceTree = "<group>"; };
		19F68B2F1820357700A90621 /* avg.lua */ = {isa = PBXFileReference; fileEncoding = 4; lastKnownFileType = text; path = avg.lua; sourceTree = "<group>"; };
		19F68B3118203E3000A90621 /* add.lua */ = {isa = PBXFileReference; fileEncoding = 4; lastKnownFileType = text; path = add.lua; sourceTree = "<group>"; };
/* End PBXFileReference section */

/* Begin PBXFrameworksBuildPhase section */
		1957EA0D181BD77300F5832B /* Frameworks */ = {
			isa = PBXFrameworksBuildPhase;
			buildActionMask = 2147483647;
			files = (
				1957EA1C181BD77300F5832B /* OpenGLES.framework in Frameworks */,
				1957EA16181BD77300F5832B /* CoreGraphics.framework in Frameworks */,
				1957EA18181BD77300F5832B /* UIKit.framework in Frameworks */,
				19272B0E1827941600E374B5 /* GameKit.framework in Frameworks */,
				1957EA1A181BD77300F5832B /* GLKit.framework in Frameworks */,
				1957EA14181BD77300F5832B /* Foundation.framework in Frameworks */,
			);
			runOnlyForDeploymentPostprocessing = 0;
		};
		1957EA39181BD77300F5832B /* Frameworks */ = {
			isa = PBXFrameworksBuildPhase;
			buildActionMask = 2147483647;
			files = (
				1957EA3E181BD77300F5832B /* XCTest.framework in Frameworks */,
				1957EA40181BD77300F5832B /* UIKit.framework in Frameworks */,
				1957EA3F181BD77300F5832B /* Foundation.framework in Frameworks */,
			);
			runOnlyForDeploymentPostprocessing = 0;
		};
/* End PBXFrameworksBuildPhase section */

/* Begin PBXGroup section */
		1957EA07181BD77300F5832B = {
			isa = PBXGroup;
			children = (
				1957EA1D181BD77300F5832B /* Ludo */,
				1957EA43181BD77300F5832B /* LudoTests */,
				1957EA12181BD77300F5832B /* Frameworks */,
				1957EA11181BD77300F5832B /* Products */,
			);
			sourceTree = "<group>";
		};
		1957EA11181BD77300F5832B /* Products */ = {
			isa = PBXGroup;
			children = (
				1957EA10181BD77300F5832B /* Ludo.app */,
				1957EA3C181BD77300F5832B /* LudoTests.xctest */,
			);
			name = Products;
			sourceTree = "<group>";
		};
		1957EA12181BD77300F5832B /* Frameworks */ = {
			isa = PBXGroup;
			children = (
				19272B0D1827941600E374B5 /* GameKit.framework */,
				1957EA13181BD77300F5832B /* Foundation.framework */,
				1957EA15181BD77300F5832B /* CoreGraphics.framework */,
				1957EA17181BD77300F5832B /* UIKit.framework */,
				1957EA19181BD77300F5832B /* GLKit.framework */,
				1957EA1B181BD77300F5832B /* OpenGLES.framework */,
				1957EA3D181BD77300F5832B /* XCTest.framework */,
			);
			name = Frameworks;
			sourceTree = "<group>";
		};
		1957EA1D181BD77300F5832B /* Ludo */ = {
			isa = PBXGroup;
			children = (
				195C2924182E1DF800EC9C16 /* src */,
				19F68B2E1820355B00A90621 /* scripts */,
				19BCCBA8181D09490087BC8E /* shaders */,
				1957EA36181BD77300F5832B /* Images.xcassets */,
				1957EA1E181BD77300F5832B /* Supporting Files */,
			);
			path = Ludo;
			sourceTree = "<group>";
		};
		1957EA1E181BD77300F5832B /* Supporting Files */ = {
			isa = PBXGroup;
			children = (
				1957EA1F181BD77300F5832B /* Ludo-Info.plist */,
				1957EA20181BD77300F5832B /* InfoPlist.strings */,
				1957EA23181BD77300F5832B /* main.m */,
				1957EA25181BD77300F5832B /* Ludo-Prefix.pch */,
				1968110E181D6BA60043DBF0 /* Main_iPad.storyboard */,
				19681110181D6BA60043DBF0 /* Main_iPhone.storyboard */,
			);
			name = "Supporting Files";
			sourceTree = "<group>";
		};
		1957EA43181BD77300F5832B /* LudoTests */ = {
			isa = PBXGroup;
			children = (
				1957EA49181BD77300F5832B /* LudoTests.m */,
				1957EA44181BD77300F5832B /* Supporting Files */,
			);
			path = LudoTests;
			sourceTree = "<group>";
		};
		1957EA44181BD77300F5832B /* Supporting Files */ = {
			isa = PBXGroup;
			children = (
				1957EA45181BD77300F5832B /* LudoTests-Info.plist */,
				1957EA46181BD77300F5832B /* InfoPlist.strings */,
			);
			name = "Supporting Files";
			sourceTree = "<group>";
		};
		195C2924182E1DF800EC9C16 /* src */ = {
			isa = PBXGroup;
			children = (
				195C2943182E1DF800EC9C16 /* lua */,
				195C2925182E1DF800EC9C16 /* he */,
				195C2940182E1DF800EC9C16 /* LD_Types.h */,
				195C29C6182E280B00EC9C16 /* LD_Constants.h */,
				195C2935182E1DF800EC9C16 /* LD_AppDelegate.h */,
				195C2936182E1DF800EC9C16 /* LD_AppDelegate.m */,
				195C2941182E1DF800EC9C16 /* LD_ViewController.h */,
				195C2942182E1DF800EC9C16 /* LD_ViewController.m */,
				195C2937182E1DF800EC9C16 /* LD_Game.h */,
				195C2938182E1DF800EC9C16 /* LD_Game.m */,
				195C29C3182E270D00EC9C16 /* LD_Context.h */,
				195C29C4182E270D00EC9C16 /* LD_Context.m */,
				195C293B182E1DF800EC9C16 /* LD_MoveQueue.h */,
				195C293C182E1DF800EC9C16 /* LD_MoveQueue.m */,
				195C293D182E1DF800EC9C16 /* LD_Settings.h */,
				195C293E182E1DF800EC9C16 /* LD_Settings.m */,
				195C29BC182E212A00EC9C16 /* LD_Utilities.h */,
				195C29BD182E212A00EC9C16 /* LD_Utilities.m */,
				19C4FAC3182F624D00DDE06B /* LD_AI.h */,
				19C4FAC4182F624D00DDE06B /* LD_AI.m */,
				19C4FAC6182F724000DDE06B /* LD_File.h */,
				19C4FAC7182F724000DDE06B /* LD_File.m */,
				195C297F182E1DF800EC9C16 /* Prototype */,
			);
			path = src;
			sourceTree = "<group>";
		};
		195C2925182E1DF800EC9C16 /* he */ = {
			isa = PBXGroup;
			children = (
				195C2932182E1DF800EC9C16 /* he_Types.h */,
				195C2930182E1DF800EC9C16 /* he_std_incl.h */,
				195C2928182E1DF800EC9C16 /* he_Constants.h */,
				195C2926182E1DF800EC9C16 /* he_Console.h */,
				195C2927182E1DF800EC9C16 /* he_Console.m */,
				195C2929182E1DF800EC9C16 /* he_LuaInterface.m */,
				195C292A182E1DF800EC9C16 /* he_Mesh.h */,
				195C292B182E1DF800EC9C16 /* he_Mesh.m */,
				195C292C182E1DF800EC9C16 /* he_Root.h */,
				195C292D182E1DF800EC9C16 /* he_Root.m */,
				195C292E182E1DF800EC9C16 /* he_Shader.h */,
				195C292F182E1DF800EC9C16 /* he_Shader.m */,
				195C2931182E1DF800EC9C16 /* he_Transform.h */,
				195C29C1182E23F900EC9C16 /* he_Transform.m */,
				195C2933182E1DF800EC9C16 /* he_Utilities.h */,
				195C2934182E1DF800EC9C16 /* he_Utilities.m */,
			);
			path = he;
			sourceTree = "<group>";
		};
		195C2943182E1DF800EC9C16 /* lua */ = {
			isa = PBXGroup;
			children = (
				195C2944182E1DF800EC9C16 /* include */,
				195C294A182E1DF800EC9C16 /* src */,
			);
			path = lua;
			sourceTree = "<group>";
		};
		195C2944182E1DF800EC9C16 /* include */ = {
			isa = PBXGroup;
			children = (
				195C2945182E1DF800EC9C16 /* lauxlib.h */,
				195C2946182E1DF800EC9C16 /* lua.h */,
				195C2947182E1DF800EC9C16 /* lua.hpp */,
				195C2948182E1DF800EC9C16 /* luaconf.h */,
				195C2949182E1DF800EC9C16 /* lualib.h */,
			);
			path = include;
			sourceTree = "<group>";
		};
		195C294A182E1DF800EC9C16 /* src */ = {
			isa = PBXGroup;
			children = (
				195C294B182E1DF800EC9C16 /* lapi.c */,
				195C294C182E1DF800EC9C16 /* lapi.h */,
				195C294D182E1DF800EC9C16 /* lauxlib.c */,
				195C294E182E1DF800EC9C16 /* lbaselib.c */,
				195C294F182E1DF800EC9C16 /* lbitlib.c */,
				195C2950182E1DF800EC9C16 /* lcode.c */,
				195C2951182E1DF800EC9C16 /* lcode.h */,
				195C2952182E1DF800EC9C16 /* lcorolib.c */,
				195C2953182E1DF800EC9C16 /* lctype.c */,
				195C2954182E1DF800EC9C16 /* lctype.h */,
				195C2955182E1DF800EC9C16 /* ldblib.c */,
				195C2956182E1DF800EC9C16 /* ldebug.c */,
				195C2957182E1DF800EC9C16 /* ldebug.h */,
				195C2958182E1DF800EC9C16 /* ldo.c */,
				195C2959182E1DF800EC9C16 /* ldo.h */,
				195C295A182E1DF800EC9C16 /* ldump.c */,
				195C295B182E1DF800EC9C16 /* lfunc.c */,
				195C295C182E1DF800EC9C16 /* lfunc.h */,
				195C295D182E1DF800EC9C16 /* lgc.c */,
				195C295E182E1DF800EC9C16 /* lgc.h */,
				195C295F182E1DF800EC9C16 /* linit.c */,
				195C2960182E1DF800EC9C16 /* liolib.c */,
				195C2961182E1DF800EC9C16 /* llex.c */,
				195C2962182E1DF800EC9C16 /* llex.h */,
				195C2963182E1DF800EC9C16 /* llimits.h */,
				195C2964182E1DF800EC9C16 /* lmathlib.c */,
				195C2965182E1DF800EC9C16 /* lmem.c */,
				195C2966182E1DF800EC9C16 /* lmem.h */,
				195C2967182E1DF800EC9C16 /* loadlib.c */,
				195C2968182E1DF800EC9C16 /* lobject.c */,
				195C2969182E1DF800EC9C16 /* lobject.h */,
				195C296A182E1DF800EC9C16 /* lopcodes.c */,
				195C296B182E1DF800EC9C16 /* lopcodes.h */,
				195C296C182E1DF800EC9C16 /* loslib.c */,
				195C296D182E1DF800EC9C16 /* lparser.c */,
				195C296E182E1DF800EC9C16 /* lparser.h */,
				195C296F182E1DF800EC9C16 /* lstate.c */,
				195C2970182E1DF800EC9C16 /* lstate.h */,
				195C2971182E1DF800EC9C16 /* lstring.c */,
				195C2972182E1DF800EC9C16 /* lstring.h */,
				195C2973182E1DF800EC9C16 /* lstrlib.c */,
				195C2974182E1DF800EC9C16 /* ltable.c */,
				195C2975182E1DF800EC9C16 /* ltable.h */,
				195C2976182E1DF800EC9C16 /* ltablib.c */,
				195C2977182E1DF800EC9C16 /* ltm.c */,
				195C2978182E1DF800EC9C16 /* ltm.h */,
				195C2979182E1DF800EC9C16 /* lundump.c */,
				195C297A182E1DF800EC9C16 /* lundump.h */,
				195C297B182E1DF800EC9C16 /* lvm.c */,
				195C297C182E1DF800EC9C16 /* lvm.h */,
				195C297D182E1DF800EC9C16 /* lzio.c */,
				195C297E182E1DF800EC9C16 /* lzio.h */,
			);
			path = src;
			sourceTree = "<group>";
		};
		195C297F182E1DF800EC9C16 /* Prototype */ = {
			isa = PBXGroup;
			children = (
				195C2980182E1DF800EC9C16 /* LD_MenuController.h */,
				195C2981182E1DF800EC9C16 /* LD_MenuController.m */,
				195C2988182E1DF800EC9C16 /* LD_SelectorViewController.h */,
				195C2989182E1DF800EC9C16 /* LD_SelectorViewController.m */,
				195C2982182E1DF800EC9C16 /* LD_PieceView.h */,
				195C2983182E1DF800EC9C16 /* LD_PieceView.m */,
				195C2986182E1DF800EC9C16 /* LD_RootViewController.h */,
				195C2987182E1DF800EC9C16 /* LD_RootViewController.m */,
			);
			path = Prototype;
			sourceTree = "<group>";
		};
		19BCCBA8181D09490087BC8E /* shaders */ = {
			isa = PBXGroup;
			children = (
				19BCCBAA181D09490087BC8E /* mesh.vsh */,
				19BCCBA9181D09490087BC8E /* mesh.fsh */,
				19BCCBE6181D10210087BC8E /* color.vsh */,
				19BCCBE8181D104F0087BC8E /* color.fsh */,
			);
			path = shaders;
			sourceTree = "<group>";
		};
		19F68B2E1820355B00A90621 /* scripts */ = {
			isa = PBXGroup;
			children = (
				19F68B2F1820357700A90621 /* avg.lua */,
				19F68B3118203E3000A90621 /* add.lua */,
			);
			path = scripts;
			sourceTree = "<group>";
		};
/* End PBXGroup section */

/* Begin PBXNativeTarget section */
		1957EA0F181BD77300F5832B /* Ludo */ = {
			isa = PBXNativeTarget;
			buildConfigurationList = 1957EA4D181BD77300F5832B /* Build configuration list for PBXNativeTarget "Ludo" */;
			buildPhases = (
				1957EA0C181BD77300F5832B /* Sources */,
				1957EA0D181BD77300F5832B /* Frameworks */,
				1957EA0E181BD77300F5832B /* Resources */,
			);
			buildRules = (
			);
			dependencies = (
			);
			name = Ludo;
			productName = Ludo;
			productReference = 1957EA10181BD77300F5832B /* Ludo.app */;
			productType = "com.apple.product-type.application";
		};
		1957EA3B181BD77300F5832B /* LudoTests */ = {
			isa = PBXNativeTarget;
			buildConfigurationList = 1957EA50181BD77300F5832B /* Build configuration list for PBXNativeTarget "LudoTests" */;
			buildPhases = (
				1957EA38181BD77300F5832B /* Sources */,
				1957EA39181BD77300F5832B /* Frameworks */,
				1957EA3A181BD77300F5832B /* Resources */,
			);
			buildRules = (
			);
			dependencies = (
				1957EA42181BD77300F5832B /* PBXTargetDependency */,
			);
			name = LudoTests;
			productName = LudoTests;
			productReference = 1957EA3C181BD77300F5832B /* LudoTests.xctest */;
			productType = "com.apple.product-type.bundle.unit-test";
		};
/* End PBXNativeTarget section */

/* Begin PBXProject section */
		1957EA08181BD77300F5832B /* Project object */ = {
			isa = PBXProject;
			attributes = {
				CLASSPREFIX = LD;
				LastUpgradeCheck = 0500;
				ORGANIZATIONNAME = whackylabs;
				TargetAttributes = {
					1957EA0F181BD77300F5832B = {
						DevelopmentTeam = B8H28JR3TT;
						SystemCapabilities = {
							com.apple.GameCenter = {
								enabled = 1;
							};
						};
					};
					1957EA3B181BD77300F5832B = {
						TestTargetID = 1957EA0F181BD77300F5832B;
					};
				};
			};
			buildConfigurationList = 1957EA0B181BD77300F5832B /* Build configuration list for PBXProject "Ludo" */;
			compatibilityVersion = "Xcode 3.2";
			developmentRegion = English;
			hasScannedForEncodings = 0;
			knownRegions = (
				en,
				Base,
			);
			mainGroup = 1957EA07181BD77300F5832B;
			productRefGroup = 1957EA11181BD77300F5832B /* Products */;
			projectDirPath = "";
			projectRoot = "";
			targets = (
				1957EA0F181BD77300F5832B /* Ludo */,
				1957EA3B181BD77300F5832B /* LudoTests */,
			);
		};
/* End PBXProject section */

/* Begin PBXResourcesBuildPhase section */
		1957EA0E181BD77300F5832B /* Resources */ = {
			isa = PBXResourcesBuildPhase;
			buildActionMask = 2147483647;
			files = (
				1957EA37181BD77300F5832B /* Images.xcassets in Resources */,
				1957EA22181BD77300F5832B /* InfoPlist.strings in Resources */,
				19BCCBC1181D09490087BC8E /* mesh.vsh in Resources */,
				19F68B301820357700A90621 /* avg.lua in Resources */,
				19BCCBC0181D09490087BC8E /* mesh.fsh in Resources */,
				19681113181D6BA60043DBF0 /* Main_iPhone.storyboard in Resources */,
				19F68B3218203E3000A90621 /* add.lua in Resources */,
				19BCCBE9181D104F0087BC8E /* color.fsh in Resources */,
				19681112181D6BA60043DBF0 /* Main_iPad.storyboard in Resources */,
				19BCCBE7181D10210087BC8E /* color.vsh in Resources */,
			);
			runOnlyForDeploymentPostprocessing = 0;
		};
		1957EA3A181BD77300F5832B /* Resources */ = {
			isa = PBXResourcesBuildPhase;
			buildActionMask = 2147483647;
			files = (
				1957EA48181BD77300F5832B /* InfoPlist.strings in Resources */,
			);
			runOnlyForDeploymentPostprocessing = 0;
		};
/* End PBXResourcesBuildPhase section */

/* Begin PBXSourcesBuildPhase section */
		1957EA0C181BD77300F5832B /* Sources */ = {
			isa = PBXSourcesBuildPhase;
			buildActionMask = 2147483647;
			files = (
				195C29A6182E1DF800EC9C16 /* llex.c in Sources */,
				195C29A2182E1DF800EC9C16 /* lfunc.c in Sources */,
				195C29A8182E1DF800EC9C16 /* lmem.c in Sources */,
				195C29B1182E1DF800EC9C16 /* ltable.c in Sources */,
				195C298A182E1DF800EC9C16 /* he_Console.m in Sources */,
				195C29A5182E1DF800EC9C16 /* liolib.c in Sources */,
				195C29AA182E1DF800EC9C16 /* lobject.c in Sources */,
				195C298F182E1DF800EC9C16 /* he_Utilities.m in Sources */,
				195C29AF182E1DF800EC9C16 /* lstring.c in Sources */,
				195C29B8182E1DF800EC9C16 /* LD_PieceView.m in Sources */,
				195C299A182E1DF800EC9C16 /* lbitlib.c in Sources */,
				195C2996182E1DF800EC9C16 /* LD_ViewController.m in Sources */,
				195C298E182E1DF800EC9C16 /* he_Shader.m in Sources */,
				195C29B7182E1DF800EC9C16 /* LD_MenuController.m in Sources */,
				195C29B5182E1DF800EC9C16 /* lvm.c in Sources */,
				195C29A3182E1DF800EC9C16 /* lgc.c in Sources */,
				195C29BE182E212A00EC9C16 /* LD_Utilities.m in Sources */,
				195C298C182E1DF800EC9C16 /* he_Mesh.m in Sources */,
				195C29AB182E1DF800EC9C16 /* lopcodes.c in Sources */,
				195C29B4182E1DF800EC9C16 /* lundump.c in Sources */,
				1957EA24181BD77300F5832B /* main.m in Sources */,
				195C299D182E1DF800EC9C16 /* lctype.c in Sources */,
				195C29BB182E1DF800EC9C16 /* LD_SelectorViewController.m in Sources */,
				195C29AE182E1DF800EC9C16 /* lstate.c in Sources */,
				195C29A7182E1DF800EC9C16 /* lmathlib.c in Sources */,
				19C4FAC8182F724000DDE06B /* LD_File.m in Sources */,
				195C299F182E1DF800EC9C16 /* ldebug.c in Sources */,
				195C29AD182E1DF800EC9C16 /* lparser.c in Sources */,
				195C29AC182E1DF800EC9C16 /* loslib.c in Sources */,
				195C29B0182E1DF800EC9C16 /* lstrlib.c in Sources */,
				195C29C5182E270D00EC9C16 /* LD_Context.m in Sources */,
				195C29A9182E1DF800EC9C16 /* loadlib.c in Sources */,
				195C298B182E1DF800EC9C16 /* he_LuaInterface.m in Sources */,
				19C4FAC5182F624D00DDE06B /* LD_AI.m in Sources */,
				195C2999182E1DF800EC9C16 /* lbaselib.c in Sources */,
				195C299B182E1DF800EC9C16 /* lcode.c in Sources */,
				195C2990182E1DF800EC9C16 /* LD_AppDelegate.m in Sources */,
				195C2994182E1DF800EC9C16 /* LD_Settings.m in Sources */,
				195C29A1182E1DF800EC9C16 /* ldump.c in Sources */,
				195C29B6182E1DF800EC9C16 /* lzio.c in Sources */,
				195C299C182E1DF800EC9C16 /* lcorolib.c in Sources */,
				195C29B3182E1DF800EC9C16 /* ltm.c in Sources */,
				195C2997182E1DF800EC9C16 /* lapi.c in Sources */,
				195C2998182E1DF800EC9C16 /* lauxlib.c in Sources */,
				195C29C2182E23F900EC9C16 /* he_Transform.m in Sources */,
				195C29B2182E1DF800EC9C16 /* ltablib.c in Sources */,
				195C299E182E1DF800EC9C16 /* ldblib.c in Sources */,
				195C2993182E1DF800EC9C16 /* LD_MoveQueue.m in Sources */,
				195C29A4182E1DF800EC9C16 /* linit.c in Sources */,
				195C29BA182E1DF800EC9C16 /* LD_RootViewController.m in Sources */,
				195C29A0182E1DF800EC9C16 /* ldo.c in Sources */,
				195C2991182E1DF800EC9C16 /* LD_Game.m in Sources */,
				195C298D182E1DF800EC9C16 /* he_Root.m in Sources */,
			);
			runOnlyForDeploymentPostprocessing = 0;
		};
		1957EA38181BD77300F5832B /* Sources */ = {
			isa = PBXSourcesBuildPhase;
			buildActionMask = 2147483647;
			files = (
				1957EA4A181BD77300F5832B /* LudoTests.m in Sources */,
			);
			runOnlyForDeploymentPostprocessing = 0;
		};
/* End PBXSourcesBuildPhase section */

/* Begin PBXTargetDependency section */
		1957EA42181BD77300F5832B /* PBXTargetDependency */ = {
			isa = PBXTargetDependency;
			target = 1957EA0F181BD77300F5832B /* Ludo */;
			targetProxy = 1957EA41181BD77300F5832B /* PBXContainerItemProxy */;
		};
/* End PBXTargetDependency section */

/* Begin PBXVariantGroup section */
		1957EA20181BD77300F5832B /* InfoPlist.strings */ = {
			isa = PBXVariantGroup;
			children = (
				1957EA21181BD77300F5832B /* en */,
			);
			name = InfoPlist.strings;
			sourceTree = "<group>";
		};
		1957EA46181BD77300F5832B /* InfoPlist.strings */ = {
			isa = PBXVariantGroup;
			children = (
				1957EA47181BD77300F5832B /* en */,
			);
			name = InfoPlist.strings;
			sourceTree = "<group>";
		};
		1968110E181D6BA60043DBF0 /* Main_iPad.storyboard */ = {
			isa = PBXVariantGroup;
			children = (
				1968110F181D6BA60043DBF0 /* Base */,
			);
			name = Main_iPad.storyboard;
			sourceTree = "<group>";
		};
		19681110181D6BA60043DBF0 /* Main_iPhone.storyboard */ = {
			isa = PBXVariantGroup;
			children = (
				19681111181D6BA60043DBF0 /* Base */,
			);
			name = Main_iPhone.storyboard;
			sourceTree = "<group>";
		};
/* End PBXVariantGroup section */

/* Begin XCBuildConfiguration section */
		1957EA4B181BD77300F5832B /* Debug */ = {
			isa = XCBuildConfiguration;
			buildSettings = {
				ALWAYS_SEARCH_USER_PATHS = NO;
				ARCHS = "$(ARCHS_STANDARD_INCLUDING_64_BIT)";
				CLANG_CXX_LANGUAGE_STANDARD = "gnu++0x";
				CLANG_CXX_LIBRARY = "libc++";
				CLANG_ENABLE_MODULES = YES;
				CLANG_ENABLE_OBJC_ARC = YES;
				CLANG_WARN_BOOL_CONVERSION = YES;
				CLANG_WARN_CONSTANT_CONVERSION = YES;
				CLANG_WARN_DIRECT_OBJC_ISA_USAGE = YES_ERROR;
				CLANG_WARN_EMPTY_BODY = YES;
				CLANG_WARN_ENUM_CONVERSION = YES;
				CLANG_WARN_INT_CONVERSION = YES;
				CLANG_WARN_OBJC_ROOT_CLASS = YES_ERROR;
				CLANG_WARN__DUPLICATE_METHOD_MATCH = YES;
				"CODE_SIGN_IDENTITY[sdk=iphoneos*]" = "iPhone Developer";
				COPY_PHASE_STRIP = NO;
				GCC_C_LANGUAGE_STANDARD = gnu99;
				GCC_DYNAMIC_NO_PIC = NO;
				GCC_OPTIMIZATION_LEVEL = 0;
				GCC_PREPROCESSOR_DEFINITIONS = (
					"DEBUG=1",
					"$(inherited)",
				);
				GCC_SYMBOLS_PRIVATE_EXTERN = NO;
				GCC_WARN_64_TO_32_BIT_CONVERSION = YES;
				GCC_WARN_ABOUT_RETURN_TYPE = YES_ERROR;
				GCC_WARN_UNDECLARED_SELECTOR = YES;
				GCC_WARN_UNINITIALIZED_AUTOS = YES;
				GCC_WARN_UNUSED_FUNCTION = YES;
				GCC_WARN_UNUSED_VARIABLE = YES;
				IPHONEOS_DEPLOYMENT_TARGET = 7.0;
				ONLY_ACTIVE_ARCH = YES;
				SDKROOT = iphoneos;
				TARGETED_DEVICE_FAMILY = "1,2";
			};
			name = Debug;
		};
		1957EA4C181BD77300F5832B /* Release */ = {
			isa = XCBuildConfiguration;
			buildSettings = {
				ALWAYS_SEARCH_USER_PATHS = NO;
				ARCHS = "$(ARCHS_STANDARD_INCLUDING_64_BIT)";
				CLANG_CXX_LANGUAGE_STANDARD = "gnu++0x";
				CLANG_CXX_LIBRARY = "libc++";
				CLANG_ENABLE_MODULES = YES;
				CLANG_ENABLE_OBJC_ARC = YES;
				CLANG_WARN_BOOL_CONVERSION = YES;
				CLANG_WARN_CONSTANT_CONVERSION = YES;
				CLANG_WARN_DIRECT_OBJC_ISA_USAGE = YES_ERROR;
				CLANG_WARN_EMPTY_BODY = YES;
				CLANG_WARN_ENUM_CONVERSION = YES;
				CLANG_WARN_INT_CONVERSION = YES;
				CLANG_WARN_OBJC_ROOT_CLASS = YES_ERROR;
				CLANG_WARN__DUPLICATE_METHOD_MATCH = YES;
				"CODE_SIGN_IDENTITY[sdk=iphoneos*]" = "iPhone Developer";
				COPY_PHASE_STRIP = YES;
				ENABLE_NS_ASSERTIONS = NO;
				GCC_C_LANGUAGE_STANDARD = gnu99;
				GCC_WARN_64_TO_32_BIT_CONVERSION = YES;
				GCC_WARN_ABOUT_RETURN_TYPE = YES_ERROR;
				GCC_WARN_UNDECLARED_SELECTOR = YES;
				GCC_WARN_UNINITIALIZED_AUTOS = YES;
				GCC_WARN_UNUSED_FUNCTION = YES;
				GCC_WARN_UNUSED_VARIABLE = YES;
				IPHONEOS_DEPLOYMENT_TARGET = 7.0;
				SDKROOT = iphoneos;
				TARGETED_DEVICE_FAMILY = "1,2";
				VALIDATE_PRODUCT = YES;
			};
			name = Release;
		};
		1957EA4E181BD77300F5832B /* Debug */ = {
			isa = XCBuildConfiguration;
			buildSettings = {
				ASSETCATALOG_COMPILER_APPICON_NAME = AppIcon;
				ASSETCATALOG_COMPILER_LAUNCHIMAGE_NAME = LaunchImage;
				CLANG_ENABLE_OBJC_ARC = NO;
				CODE_SIGN_IDENTITY = "iPhone Developer";
				"CODE_SIGN_IDENTITY[sdk=iphoneos*]" = "iPhone Developer";
				GCC_PRECOMPILE_PREFIX_HEADER = YES;
				GCC_PREFIX_HEADER = "Ludo/Ludo-Prefix.pch";
				INFOPLIST_FILE = "Ludo/Ludo-Info.plist";
				PRODUCT_NAME = "$(TARGET_NAME)";
				PROVISIONING_PROFILE = "";
				WRAPPER_EXTENSION = app;
			};
			name = Debug;
		};
		1957EA4F181BD77300F5832B /* Release */ = {
			isa = XCBuildConfiguration;
			buildSettings = {
				ASSETCATALOG_COMPILER_APPICON_NAME = AppIcon;
				ASSETCATALOG_COMPILER_LAUNCHIMAGE_NAME = LaunchImage;
				CLANG_ENABLE_OBJC_ARC = NO;
				CODE_SIGN_IDENTITY = "iPhone Developer";
				"CODE_SIGN_IDENTITY[sdk=iphoneos*]" = "iPhone Developer";
				GCC_PRECOMPILE_PREFIX_HEADER = YES;
				GCC_PREFIX_HEADER = "Ludo/Ludo-Prefix.pch";
				INFOPLIST_FILE = "Ludo/Ludo-Info.plist";
				PRODUCT_NAME = "$(TARGET_NAME)";
				PROVISIONING_PROFILE = "";
				WRAPPER_EXTENSION = app;
			};
			name = Release;
		};
		1957EA51181BD77300F5832B /* Debug */ = {
			isa = XCBuildConfiguration;
			buildSettings = {
				ARCHS = "$(ARCHS_STANDARD_INCLUDING_64_BIT)";
				BUNDLE_LOADER = "$(BUILT_PRODUCTS_DIR)/Ludo.app/Ludo";
				FRAMEWORK_SEARCH_PATHS = (
					"$(SDKROOT)/Developer/Library/Frameworks",
					"$(inherited)",
					"$(DEVELOPER_FRAMEWORKS_DIR)",
				);
				GCC_PRECOMPILE_PREFIX_HEADER = YES;
				GCC_PREFIX_HEADER = "Ludo/Ludo-Prefix.pch";
				GCC_PREPROCESSOR_DEFINITIONS = (
					"DEBUG=1",
					"$(inherited)",
				);
				INFOPLIST_FILE = "LudoTests/LudoTests-Info.plist";
				PRODUCT_NAME = "$(TARGET_NAME)";
				TEST_HOST = "$(BUNDLE_LOADER)";
				WRAPPER_EXTENSION = xctest;
			};
			name = Debug;
		};
		1957EA52181BD77300F5832B /* Release */ = {
			isa = XCBuildConfiguration;
			buildSettings = {
				ARCHS = "$(ARCHS_STANDARD_INCLUDING_64_BIT)";
				BUNDLE_LOADER = "$(BUILT_PRODUCTS_DIR)/Ludo.app/Ludo";
				FRAMEWORK_SEARCH_PATHS = (
					"$(SDKROOT)/Developer/Library/Frameworks",
					"$(inherited)",
					"$(DEVELOPER_FRAMEWORKS_DIR)",
				);
				GCC_PRECOMPILE_PREFIX_HEADER = YES;
				GCC_PREFIX_HEADER = "Ludo/Ludo-Prefix.pch";
				INFOPLIST_FILE = "LudoTests/LudoTests-Info.plist";
				PRODUCT_NAME = "$(TARGET_NAME)";
				TEST_HOST = "$(BUNDLE_LOADER)";
				WRAPPER_EXTENSION = xctest;
			};
			name = Release;
		};
/* End XCBuildConfiguration section */

/* Begin XCConfigurationList section */
		1957EA0B181BD77300F5832B /* Build configuration list for PBXProject "Ludo" */ = {
			isa = XCConfigurationList;
			buildConfigurations = (
				1957EA4B181BD77300F5832B /* Debug */,
				1957EA4C181BD77300F5832B /* Release */,
			);
			defaultConfigurationIsVisible = 0;
			defaultConfigurationName = Release;
		};
		1957EA4D181BD77300F5832B /* Build configuration list for PBXNativeTarget "Ludo" */ = {
			isa = XCConfigurationList;
			buildConfigurations = (
				1957EA4E181BD77300F5832B /* Debug */,
				1957EA4F181BD77300F5832B /* Release */,
			);
			defaultConfigurationIsVisible = 0;
			defaultConfigurationName = Release;
		};
		1957EA50181BD77300F5832B /* Build configuration list for PBXNativeTarget "LudoTests" */ = {
			isa = XCConfigurationList;
			buildConfigurations = (
				1957EA51181BD77300F5832B /* Debug */,
				1957EA52181BD77300F5832B /* Release */,
			);
			defaultConfigurationIsVisible = 0;
			defaultConfigurationName = Release;
		};
/* End XCConfigurationList section */
	};
	rootObject = 1957EA08181BD77300F5832B /* Project object */;
}
