// !$*UTF8*$!
{
	archiveVersion = 1;
	classes = {
	};
	objectVersion = 46;
	objects = {

/* Begin PBXBuildFile section */
		1957EA14181BD77300F5832B /* Foundation.framework in Frameworks */ = {isa = PBXBuildFile; fileRef = 1957EA13181BD77300F5832B /* Foundation.framework */; };
		1957EA16181BD77300F5832B /* CoreGraphics.framework in Frameworks */ = {isa = PBXBuildFile; fileRef = 1957EA15181BD77300F5832B /* CoreGraphics.framework */; };
		1957EA18181BD77300F5832B /* UIKit.framework in Frameworks */ = {isa = PBXBuildFile; fileRef = 1957EA17181BD77300F5832B /* UIKit.framework */; };
		1957EA1A181BD77300F5832B /* GLKit.framework in Frameworks */ = {isa = PBXBuildFile; fileRef = 1957EA19181BD77300F5832B /* GLKit.framework */; };
		1957EA1C181BD77300F5832B /* OpenGLES.framework in Frameworks */ = {isa = PBXBuildFile; fileRef = 1957EA1B181BD77300F5832B /* OpenGLES.framework */; };
		1957EA22181BD77300F5832B /* InfoPlist.strings in Resources */ = {isa = PBXBuildFile; fileRef = 1957EA20181BD77300F5832B /* InfoPlist.strings */; };
		1957EA24181BD77300F5832B /* main.m in Sources */ = {isa = PBXBuildFile; fileRef = 1957EA23181BD77300F5832B /* main.m */; };
		1957EA37181BD77300F5832B /* Images.xcassets in Resources */ = {isa = PBXBuildFile; fileRef = 1957EA36181BD77300F5832B /* Images.xcassets */; };
		1957EA3E181BD77300F5832B /* XCTest.framework in Frameworks */ = {isa = PBXBuildFile; fileRef = 1957EA3D181BD77300F5832B /* XCTest.framework */; };
		1957EA3F181BD77300F5832B /* Foundation.framework in Frameworks */ = {isa = PBXBuildFile; fileRef = 1957EA13181BD77300F5832B /* Foundation.framework */; };
		1957EA40181BD77300F5832B /* UIKit.framework in Frameworks */ = {isa = PBXBuildFile; fileRef = 1957EA17181BD77300F5832B /* UIKit.framework */; };
		1957EA48181BD77300F5832B /* InfoPlist.strings in Resources */ = {isa = PBXBuildFile; fileRef = 1957EA46181BD77300F5832B /* InfoPlist.strings */; };
		1957EA4A181BD77300F5832B /* LudoTests.m in Sources */ = {isa = PBXBuildFile; fileRef = 1957EA49181BD77300F5832B /* LudoTests.m */; };
		19681112181D6BA60043DBF0 /* Main_iPad.storyboard in Resources */ = {isa = PBXBuildFile; fileRef = 1968110E181D6BA60043DBF0 /* Main_iPad.storyboard */; };
		19681113181D6BA60043DBF0 /* Main_iPhone.storyboard in Resources */ = {isa = PBXBuildFile; fileRef = 19681110181D6BA60043DBF0 /* Main_iPhone.storyboard */; };
		19681116181D6C340043DBF0 /* LD_RootViewController.m in Sources */ = {isa = PBXBuildFile; fileRef = 19681115181D6C340043DBF0 /* LD_RootViewController.m */; };
		19BCCBC0181D09490087BC8E /* mesh.fsh in Resources */ = {isa = PBXBuildFile; fileRef = 19BCCBA9181D09490087BC8E /* mesh.fsh */; };
		19BCCBC1181D09490087BC8E /* mesh.vsh in Resources */ = {isa = PBXBuildFile; fileRef = 19BCCBAA181D09490087BC8E /* mesh.vsh */; };
		19BCCBDE181D09E90087BC8E /* LD_AppDelegate.m in Sources */ = {isa = PBXBuildFile; fileRef = 19BCCBCC181D09E90087BC8E /* LD_AppDelegate.m */; };
		19BCCBDF181D09E90087BC8E /* LD_Console.m in Sources */ = {isa = PBXBuildFile; fileRef = 19BCCBCE181D09E90087BC8E /* LD_Console.m */; };
		19BCCBE0181D09E90087BC8E /* LD_Mesh.m in Sources */ = {isa = PBXBuildFile; fileRef = 19BCCBD1181D09E90087BC8E /* LD_Mesh.m */; };
		19BCCBE1181D09E90087BC8E /* LD_Root.m in Sources */ = {isa = PBXBuildFile; fileRef = 19BCCBD3181D09E90087BC8E /* LD_Root.m */; };
		19BCCBE2181D09E90087BC8E /* LD_Shader.m in Sources */ = {isa = PBXBuildFile; fileRef = 19BCCBD5181D09E90087BC8E /* LD_Shader.m */; };
		19BCCBE3181D09E90087BC8E /* LD_Transform.m in Sources */ = {isa = PBXBuildFile; fileRef = 19BCCBD8181D09E90087BC8E /* LD_Transform.m */; };
		19BCCBE4181D09E90087BC8E /* LD_Utilities.m in Sources */ = {isa = PBXBuildFile; fileRef = 19BCCBDB181D09E90087BC8E /* LD_Utilities.m */; };
		19BCCBE5181D09E90087BC8E /* LD_ViewController.m in Sources */ = {isa = PBXBuildFile; fileRef = 19BCCBDD181D09E90087BC8E /* LD_ViewController.m */; };
		19BCCBE7181D10210087BC8E /* color.vsh in Resources */ = {isa = PBXBuildFile; fileRef = 19BCCBE6181D10210087BC8E /* color.vsh */; };
		19BCCBE9181D104F0087BC8E /* color.fsh in Resources */ = {isa = PBXBuildFile; fileRef = 19BCCBE8181D104F0087BC8E /* color.fsh */; };
		19F68B0E182030CD00A90621 /* lapi.c in Sources */ = {isa = PBXBuildFile; fileRef = 19F68ADA182030CD00A90621 /* lapi.c */; };
		19F68B0F182030CD00A90621 /* lauxlib.c in Sources */ = {isa = PBXBuildFile; fileRef = 19F68ADC182030CD00A90621 /* lauxlib.c */; };
		19F68B10182030CD00A90621 /* lbaselib.c in Sources */ = {isa = PBXBuildFile; fileRef = 19F68ADD182030CD00A90621 /* lbaselib.c */; };
		19F68B11182030CD00A90621 /* lbitlib.c in Sources */ = {isa = PBXBuildFile; fileRef = 19F68ADE182030CD00A90621 /* lbitlib.c */; };
		19F68B12182030CD00A90621 /* lcode.c in Sources */ = {isa = PBXBuildFile; fileRef = 19F68ADF182030CD00A90621 /* lcode.c */; };
		19F68B13182030CD00A90621 /* lcorolib.c in Sources */ = {isa = PBXBuildFile; fileRef = 19F68AE1182030CD00A90621 /* lcorolib.c */; };
		19F68B14182030CD00A90621 /* lctype.c in Sources */ = {isa = PBXBuildFile; fileRef = 19F68AE2182030CD00A90621 /* lctype.c */; };
		19F68B15182030CD00A90621 /* ldblib.c in Sources */ = {isa = PBXBuildFile; fileRef = 19F68AE4182030CD00A90621 /* ldblib.c */; };
		19F68B16182030CD00A90621 /* ldebug.c in Sources */ = {isa = PBXBuildFile; fileRef = 19F68AE5182030CD00A90621 /* ldebug.c */; };
		19F68B17182030CD00A90621 /* ldo.c in Sources */ = {isa = PBXBuildFile; fileRef = 19F68AE7182030CD00A90621 /* ldo.c */; };
		19F68B18182030CD00A90621 /* ldump.c in Sources */ = {isa = PBXBuildFile; fileRef = 19F68AE9182030CD00A90621 /* ldump.c */; };
		19F68B19182030CD00A90621 /* lfunc.c in Sources */ = {isa = PBXBuildFile; fileRef = 19F68AEA182030CD00A90621 /* lfunc.c */; };
		19F68B1A182030CD00A90621 /* lgc.c in Sources */ = {isa = PBXBuildFile; fileRef = 19F68AEC182030CD00A90621 /* lgc.c */; };
		19F68B1B182030CD00A90621 /* linit.c in Sources */ = {isa = PBXBuildFile; fileRef = 19F68AEE182030CD00A90621 /* linit.c */; };
		19F68B1C182030CD00A90621 /* liolib.c in Sources */ = {isa = PBXBuildFile; fileRef = 19F68AEF182030CD00A90621 /* liolib.c */; };
		19F68B1D182030CD00A90621 /* llex.c in Sources */ = {isa = PBXBuildFile; fileRef = 19F68AF0182030CD00A90621 /* llex.c */; };
		19F68B1E182030CD00A90621 /* lmathlib.c in Sources */ = {isa = PBXBuildFile; fileRef = 19F68AF3182030CD00A90621 /* lmathlib.c */; };
		19F68B1F182030CD00A90621 /* lmem.c in Sources */ = {isa = PBXBuildFile; fileRef = 19F68AF4182030CD00A90621 /* lmem.c */; };
		19F68B20182030CD00A90621 /* loadlib.c in Sources */ = {isa = PBXBuildFile; fileRef = 19F68AF6182030CD00A90621 /* loadlib.c */; };
		19F68B21182030CD00A90621 /* lobject.c in Sources */ = {isa = PBXBuildFile; fileRef = 19F68AF7182030CD00A90621 /* lobject.c */; };
		19F68B22182030CD00A90621 /* lopcodes.c in Sources */ = {isa = PBXBuildFile; fileRef = 19F68AF9182030CD00A90621 /* lopcodes.c */; };
		19F68B23182030CD00A90621 /* loslib.c in Sources */ = {isa = PBXBuildFile; fileRef = 19F68AFB182030CD00A90621 /* loslib.c */; };
		19F68B24182030CD00A90621 /* lparser.c in Sources */ = {isa = PBXBuildFile; fileRef = 19F68AFC182030CD00A90621 /* lparser.c */; };
		19F68B25182030CD00A90621 /* lstate.c in Sources */ = {isa = PBXBuildFile; fileRef = 19F68AFE182030CD00A90621 /* lstate.c */; };
		19F68B26182030CD00A90621 /* lstring.c in Sources */ = {isa = PBXBuildFile; fileRef = 19F68B00182030CD00A90621 /* lstring.c */; };
		19F68B27182030CD00A90621 /* lstrlib.c in Sources */ = {isa = PBXBuildFile; fileRef = 19F68B02182030CD00A90621 /* lstrlib.c */; };
		19F68B28182030CD00A90621 /* ltable.c in Sources */ = {isa = PBXBuildFile; fileRef = 19F68B03182030CD00A90621 /* ltable.c */; };
		19F68B29182030CD00A90621 /* ltablib.c in Sources */ = {isa = PBXBuildFile; fileRef = 19F68B05182030CD00A90621 /* ltablib.c */; };
		19F68B2A182030CD00A90621 /* ltm.c in Sources */ = {isa = PBXBuildFile; fileRef = 19F68B06182030CD00A90621 /* ltm.c */; };
		19F68B2B182030CD00A90621 /* lundump.c in Sources */ = {isa = PBXBuildFile; fileRef = 19F68B08182030CD00A90621 /* lundump.c */; };
		19F68B2C182030CD00A90621 /* lvm.c in Sources */ = {isa = PBXBuildFile; fileRef = 19F68B0A182030CD00A90621 /* lvm.c */; };
		19F68B2D182030CD00A90621 /* lzio.c in Sources */ = {isa = PBXBuildFile; fileRef = 19F68B0C182030CD00A90621 /* lzio.c */; };
		19F68B301820357700A90621 /* avg.lua in Resources */ = {isa = PBXBuildFile; fileRef = 19F68B2F1820357700A90621 /* avg.lua */; };
		19F68B3218203E3000A90621 /* add.lua in Resources */ = {isa = PBXBuildFile; fileRef = 19F68B3118203E3000A90621 /* add.lua */; };
/* End PBXBuildFile section */

/* Begin PBXContainerItemProxy section */
		1957EA41181BD77300F5832B /* PBXContainerItemProxy */ = {
			isa = PBXContainerItemProxy;
			containerPortal = 1957EA08181BD77300F5832B /* Project object */;
			proxyType = 1;
			remoteGlobalIDString = 1957EA0F181BD77300F5832B;
			remoteInfo = Ludo;
		};
/* End PBXContainerItemProxy section */

/* Begin PBXFileReference section */
		1957EA10181BD77300F5832B /* Ludo.app */ = {isa = PBXFileReference; explicitFileType = wrapper.application; includeInIndex = 0; path = Ludo.app; sourceTree = BUILT_PRODUCTS_DIR; };
		1957EA13181BD77300F5832B /* Foundation.framework */ = {isa = PBXFileReference; lastKnownFileType = wrapper.framework; name = Foundation.framework; path = System/Library/Frameworks/Foundation.framework; sourceTree = SDKROOT; };
		1957EA15181BD77300F5832B /* CoreGraphics.framework */ = {isa = PBXFileReference; lastKnownFileType = wrapper.framework; name = CoreGraphics.framework; path = System/Library/Frameworks/CoreGraphics.framework; sourceTree = SDKROOT; };
		1957EA17181BD77300F5832B /* UIKit.framework */ = {isa = PBXFileReference; lastKnownFileType = wrapper.framework; name = UIKit.framework; path = System/Library/Frameworks/UIKit.framework; sourceTree = SDKROOT; };
		1957EA19181BD77300F5832B /* GLKit.framework */ = {isa = PBXFileReference; lastKnownFileType = wrapper.framework; name = GLKit.framework; path = System/Library/Frameworks/GLKit.framework; sourceTree = SDKROOT; };
		1957EA1B181BD77300F5832B /* OpenGLES.framework */ = {isa = PBXFileReference; lastKnownFileType = wrapper.framework; name = OpenGLES.framework; path = System/Library/Frameworks/OpenGLES.framework; sourceTree = SDKROOT; };
		1957EA1F181BD77300F5832B /* Ludo-Info.plist */ = {isa = PBXFileReference; lastKnownFileType = text.plist.xml; path = "Ludo-Info.plist"; sourceTree = "<group>"; };
		1957EA21181BD77300F5832B /* en */ = {isa = PBXFileReference; lastKnownFileType = text.plist.strings; name = en; path = en.lproj/InfoPlist.strings; sourceTree = "<group>"; };
		1957EA23181BD77300F5832B /* main.m */ = {isa = PBXFileReference; lastKnownFileType = sourcecode.c.objc; path = main.m; sourceTree = "<group>"; };
		1957EA25181BD77300F5832B /* Ludo-Prefix.pch */ = {isa = PBXFileReference; lastKnownFileType = sourcecode.c.h; path = "Ludo-Prefix.pch"; sourceTree = "<group>"; };
		1957EA36181BD77300F5832B /* Images.xcassets */ = {isa = PBXFileReference; lastKnownFileType = folder.assetcatalog; path = Images.xcassets; sourceTree = "<group>"; };
		1957EA3C181BD77300F5832B /* LudoTests.xctest */ = {isa = PBXFileReference; explicitFileType = wrapper.cfbundle; includeInIndex = 0; path = LudoTests.xctest; sourceTree = BUILT_PRODUCTS_DIR; };
		1957EA3D181BD77300F5832B /* XCTest.framework */ = {isa = PBXFileReference; lastKnownFileType = wrapper.framework; name = XCTest.framework; path = Library/Frameworks/XCTest.framework; sourceTree = DEVELOPER_DIR; };
		1957EA45181BD77300F5832B /* LudoTests-Info.plist */ = {isa = PBXFileReference; lastKnownFileType = text.plist.xml; path = "LudoTests-Info.plist"; sourceTree = "<group>"; };
		1957EA47181BD77300F5832B /* en */ = {isa = PBXFileReference; lastKnownFileType = text.plist.strings; name = en; path = en.lproj/InfoPlist.strings; sourceTree = "<group>"; };
		1957EA49181BD77300F5832B /* LudoTests.m */ = {isa = PBXFileReference; lastKnownFileType = sourcecode.c.objc; path = LudoTests.m; sourceTree = "<group>"; };
		1968110F181D6BA60043DBF0 /* Base */ = {isa = PBXFileReference; lastKnownFileType = file.storyboard; name = Base; path = Base.lproj/Main_iPad.storyboard; sourceTree = "<group>"; };
		19681111181D6BA60043DBF0 /* Base */ = {isa = PBXFileReference; lastKnownFileType = file.storyboard; name = Base; path = Base.lproj/Main_iPhone.storyboard; sourceTree = "<group>"; };
		19681114181D6C340043DBF0 /* LD_RootViewController.h */ = {isa = PBXFileReference; fileEncoding = 4; lastKnownFileType = sourcecode.c.h; path = LD_RootViewController.h; sourceTree = "<group>"; };
		19681115181D6C340043DBF0 /* LD_RootViewController.m */ = {isa = PBXFileReference; fileEncoding = 4; lastKnownFileType = sourcecode.c.objc; path = LD_RootViewController.m; sourceTree = "<group>"; };
		19BCCBA9181D09490087BC8E /* mesh.fsh */ = {isa = PBXFileReference; fileEncoding = 4; lastKnownFileType = sourcecode.glsl; path = mesh.fsh; sourceTree = "<group>"; };
		19BCCBAA181D09490087BC8E /* mesh.vsh */ = {isa = PBXFileReference; fileEncoding = 4; lastKnownFileType = sourcecode.glsl; path = mesh.vsh; sourceTree = "<group>"; };
		19BCCBCB181D09E90087BC8E /* LD_AppDelegate.h */ = {isa = PBXFileReference; fileEncoding = 4; lastKnownFileType = sourcecode.c.h; path = LD_AppDelegate.h; sourceTree = "<group>"; };
		19BCCBCC181D09E90087BC8E /* LD_AppDelegate.m */ = {isa = PBXFileReference; fileEncoding = 4; lastKnownFileType = sourcecode.c.objc; path = LD_AppDelegate.m; sourceTree = "<group>"; };
		19BCCBCD181D09E90087BC8E /* LD_Console.h */ = {isa = PBXFileReference; fileEncoding = 4; lastKnownFileType = sourcecode.c.h; path = LD_Console.h; sourceTree = "<group>"; };
		19BCCBCE181D09E90087BC8E /* LD_Console.m */ = {isa = PBXFileReference; fileEncoding = 4; lastKnownFileType = sourcecode.c.objc; path = LD_Console.m; sourceTree = "<group>"; };
		19BCCBCF181D09E90087BC8E /* LD_Constants.h */ = {isa = PBXFileReference; fileEncoding = 4; lastKnownFileType = sourcecode.c.h; path = LD_Constants.h; sourceTree = "<group>"; };
		19BCCBD0181D09E90087BC8E /* LD_Mesh.h */ = {isa = PBXFileReference; fileEncoding = 4; lastKnownFileType = sourcecode.c.h; path = LD_Mesh.h; sourceTree = "<group>"; };
		19BCCBD1181D09E90087BC8E /* LD_Mesh.m */ = {isa = PBXFileReference; fileEncoding = 4; lastKnownFileType = sourcecode.c.objc; path = LD_Mesh.m; sourceTree = "<group>"; };
		19BCCBD2181D09E90087BC8E /* LD_Root.h */ = {isa = PBXFileReference; fileEncoding = 4; lastKnownFileType = sourcecode.c.h; path = LD_Root.h; sourceTree = "<group>"; };
		19BCCBD3181D09E90087BC8E /* LD_Root.m */ = {isa = PBXFileReference; fileEncoding = 4; lastKnownFileType = sourcecode.c.objc; path = LD_Root.m; sourceTree = "<group>"; };
		19BCCBD4181D09E90087BC8E /* LD_Shader.h */ = {isa = PBXFileReference; fileEncoding = 4; lastKnownFileType = sourcecode.c.h; path = LD_Shader.h; sourceTree = "<group>"; };
		19BCCBD5181D09E90087BC8E /* LD_Shader.m */ = {isa = PBXFileReference; fileEncoding = 4; lastKnownFileType = sourcecode.c.objc; path = LD_Shader.m; sourceTree = "<group>"; };
		19BCCBD6181D09E90087BC8E /* LD_std_incl.h */ = {isa = PBXFileReference; fileEncoding = 4; lastKnownFileType = sourcecode.c.h; path = LD_std_incl.h; sourceTree = "<group>"; };
		19BCCBD7181D09E90087BC8E /* LD_Transform.h */ = {isa = PBXFileReference; fileEncoding = 4; lastKnownFileType = sourcecode.c.h; path = LD_Transform.h; sourceTree = "<group>"; };
		19BCCBD8181D09E90087BC8E /* LD_Transform.m */ = {isa = PBXFileReference; fileEncoding = 4; lastKnownFileType = sourcecode.c.objc; path = LD_Transform.m; sourceTree = "<group>"; };
		19BCCBD9181D09E90087BC8E /* LD_Types.h */ = {isa = PBXFileReference; fileEncoding = 4; lastKnownFileType = sourcecode.c.h; path = LD_Types.h; sourceTree = "<group>"; };
		19BCCBDA181D09E90087BC8E /* LD_Utilities.h */ = {isa = PBXFileReference; fileEncoding = 4; lastKnownFileType = sourcecode.c.h; path = LD_Utilities.h; sourceTree = "<group>"; };
		19BCCBDB181D09E90087BC8E /* LD_Utilities.m */ = {isa = PBXFileReference; fileEncoding = 4; lastKnownFileType = sourcecode.c.objc; path = LD_Utilities.m; sourceTree = "<group>"; };
		19BCCBDC181D09E90087BC8E /* LD_ViewController.h */ = {isa = PBXFileReference; fileEncoding = 4; lastKnownFileType = sourcecode.c.h; path = LD_ViewController.h; sourceTree = "<group>"; };
		19BCCBDD181D09E90087BC8E /* LD_ViewController.m */ = {isa = PBXFileReference; fileEncoding = 4; lastKnownFileType = sourcecode.c.objc; path = LD_ViewController.m; sourceTree = "<group>"; };
		19BCCBE6181D10210087BC8E /* color.vsh */ = {isa = PBXFileReference; fileEncoding = 4; lastKnownFileType = sourcecode.glsl; path = color.vsh; sourceTree = "<group>"; };
		19BCCBE8181D104F0087BC8E /* color.fsh */ = {isa = PBXFileReference; fileEncoding = 4; lastKnownFileType = sourcecode.glsl; path = color.fsh; sourceTree = "<group>"; };
		19F68AD4182030CD00A90621 /* lauxlib.h */ = {isa = PBXFileReference; fileEncoding = 4; lastKnownFileType = sourcecode.c.h; path = lauxlib.h; sourceTree = "<group>"; };
		19F68AD5182030CD00A90621 /* lua.h */ = {isa = PBXFileReference; fileEncoding = 4; lastKnownFileType = sourcecode.c.h; path = lua.h; sourceTree = "<group>"; };
		19F68AD6182030CD00A90621 /* lua.hpp */ = {isa = PBXFileReference; fileEncoding = 4; lastKnownFileType = sourcecode.cpp.h; path = lua.hpp; sourceTree = "<group>"; };
		19F68AD7182030CD00A90621 /* luaconf.h */ = {isa = PBXFileReference; fileEncoding = 4; lastKnownFileType = sourcecode.c.h; path = luaconf.h; sourceTree = "<group>"; };
		19F68AD8182030CD00A90621 /* lualib.h */ = {isa = PBXFileReference; fileEncoding = 4; lastKnownFileType = sourcecode.c.h; path = lualib.h; sourceTree = "<group>"; };
		19F68ADA182030CD00A90621 /* lapi.c */ = {isa = PBXFileReference; fileEncoding = 4; lastKnownFileType = sourcecode.c.c; path = lapi.c; sourceTree = "<group>"; };
		19F68ADB182030CD00A90621 /* lapi.h */ = {isa = PBXFileReference; fileEncoding = 4; lastKnownFileType = sourcecode.c.h; path = lapi.h; sourceTree = "<group>"; };
		19F68ADC182030CD00A90621 /* lauxlib.c */ = {isa = PBXFileReference; fileEncoding = 4; lastKnownFileType = sourcecode.c.c; path = lauxlib.c; sourceTree = "<group>"; };
		19F68ADD182030CD00A90621 /* lbaselib.c */ = {isa = PBXFileReference; fileEncoding = 4; lastKnownFileType = sourcecode.c.c; path = lbaselib.c; sourceTree = "<group>"; };
		19F68ADE182030CD00A90621 /* lbitlib.c */ = {isa = PBXFileReference; fileEncoding = 4; lastKnownFileType = sourcecode.c.c; path = lbitlib.c; sourceTree = "<group>"; };
		19F68ADF182030CD00A90621 /* lcode.c */ = {isa = PBXFileReference; fileEncoding = 4; lastKnownFileType = sourcecode.c.c; path = lcode.c; sourceTree = "<group>"; };
		19F68AE0182030CD00A90621 /* lcode.h */ = {isa = PBXFileReference; fileEncoding = 4; lastKnownFileType = sourcecode.c.h; path = lcode.h; sourceTree = "<group>"; };
		19F68AE1182030CD00A90621 /* lcorolib.c */ = {isa = PBXFileReference; fileEncoding = 4; lastKnownFileType = sourcecode.c.c; path = lcorolib.c; sourceTree = "<group>"; };
		19F68AE2182030CD00A90621 /* lctype.c */ = {isa = PBXFileReference; fileEncoding = 4; lastKnownFileType = sourcecode.c.c; path = lctype.c; sourceTree = "<group>"; };
		19F68AE3182030CD00A90621 /* lctype.h */ = {isa = PBXFileReference; fileEncoding = 4; lastKnownFileType = sourcecode.c.h; path = lctype.h; sourceTree = "<group>"; };
		19F68AE4182030CD00A90621 /* ldblib.c */ = {isa = PBXFileReference; fileEncoding = 4; lastKnownFileType = sourcecode.c.c; path = ldblib.c; sourceTree = "<group>"; };
		19F68AE5182030CD00A90621 /* ldebug.c */ = {isa = PBXFileReference; fileEncoding = 4; lastKnownFileType = sourcecode.c.c; path = ldebug.c; sourceTree = "<group>"; };
		19F68AE6182030CD00A90621 /* ldebug.h */ = {isa = PBXFileReference; fileEncoding = 4; lastKnownFileType = sourcecode.c.h; path = ldebug.h; sourceTree = "<group>"; };
		19F68AE7182030CD00A90621 /* ldo.c */ = {isa = PBXFileReference; fileEncoding = 4; lastKnownFileType = sourcecode.c.c; path = ldo.c; sourceTree = "<group>"; };
		19F68AE8182030CD00A90621 /* ldo.h */ = {isa = PBXFileReference; fileEncoding = 4; lastKnownFileType = sourcecode.c.h; path = ldo.h; sourceTree = "<group>"; };
		19F68AE9182030CD00A90621 /* ldump.c */ = {isa = PBXFileReference; fileEncoding = 4; lastKnownFileType = sourcecode.c.c; path = ldump.c; sourceTree = "<group>"; };
		19F68AEA182030CD00A90621 /* lfunc.c */ = {isa = PBXFileReference; fileEncoding = 4; lastKnownFileType = sourcecode.c.c; path = lfunc.c; sourceTree = "<group>"; };
		19F68AEB182030CD00A90621 /* lfunc.h */ = {isa = PBXFileReference; fileEncoding = 4; lastKnownFileType = sourcecode.c.h; path = lfunc.h; sourceTree = "<group>"; };
		19F68AEC182030CD00A90621 /* lgc.c */ = {isa = PBXFileReference; fileEncoding = 4; lastKnownFileType = sourcecode.c.c; path = lgc.c; sourceTree = "<group>"; };
		19F68AED182030CD00A90621 /* lgc.h */ = {isa = PBXFileReference; fileEncoding = 4; lastKnownFileType = sourcecode.c.h; path = lgc.h; sourceTree = "<group>"; };
		19F68AEE182030CD00A90621 /* linit.c */ = {isa = PBXFileReference; fileEncoding = 4; lastKnownFileType = sourcecode.c.c; path = linit.c; sourceTree = "<group>"; };
		19F68AEF182030CD00A90621 /* liolib.c */ = {isa = PBXFileReference; fileEncoding = 4; lastKnownFileType = sourcecode.c.c; path = liolib.c; sourceTree = "<group>"; };
		19F68AF0182030CD00A90621 /* llex.c */ = {isa = PBXFileReference; fileEncoding = 4; lastKnownFileType = sourcecode.c.c; path = llex.c; sourceTree = "<group>"; };
		19F68AF1182030CD00A90621 /* llex.h */ = {isa = PBXFileReference; fileEncoding = 4; lastKnownFileType = sourcecode.c.h; path = llex.h; sourceTree = "<group>"; };
		19F68AF2182030CD00A90621 /* llimits.h */ = {isa = PBXFileReference; fileEncoding = 4; lastKnownFileType = sourcecode.c.h; path = llimits.h; sourceTree = "<group>"; };
		19F68AF3182030CD00A90621 /* lmathlib.c */ = {isa = PBXFileReference; fileEncoding = 4; lastKnownFileType = sourcecode.c.c; path = lmathlib.c; sourceTree = "<group>"; };
		19F68AF4182030CD00A90621 /* lmem.c */ = {isa = PBXFileReference; fileEncoding = 4; lastKnownFileType = sourcecode.c.c; path = lmem.c; sourceTree = "<group>"; };
		19F68AF5182030CD00A90621 /* lmem.h */ = {isa = PBXFileReference; fileEncoding = 4; lastKnownFileType = sourcecode.c.h; path = lmem.h; sourceTree = "<group>"; };
		19F68AF6182030CD00A90621 /* loadlib.c */ = {isa = PBXFileReference; fileEncoding = 4; lastKnownFileType = sourcecode.c.c; path = loadlib.c; sourceTree = "<group>"; };
		19F68AF7182030CD00A90621 /* lobject.c */ = {isa = PBXFileReference; fileEncoding = 4; lastKnownFileType = sourcecode.c.c; path = lobject.c; sourceTree = "<group>"; };
		19F68AF8182030CD00A90621 /* lobject.h */ = {isa = PBXFileReference; fileEncoding = 4; lastKnownFileType = sourcecode.c.h; path = lobject.h; sourceTree = "<group>"; };
		19F68AF9182030CD00A90621 /* lopcodes.c */ = {isa = PBXFileReference; fileEncoding = 4; lastKnownFileType = sourcecode.c.c; path = lopcodes.c; sourceTree = "<group>"; };
		19F68AFA182030CD00A90621 /* lopcodes.h */ = {isa = PBXFileReference; fileEncoding = 4; lastKnownFileType = sourcecode.c.h; path = lopcodes.h; sourceTree = "<group>"; };
		19F68AFB182030CD00A90621 /* loslib.c */ = {isa = PBXFileReference; fileEncoding = 4; lastKnownFileType = sourcecode.c.c; path = loslib.c; sourceTree = "<group>"; };
		19F68AFC182030CD00A90621 /* lparser.c */ = {isa = PBXFileReference; fileEncoding = 4; lastKnownFileType = sourcecode.c.c; path = lparser.c; sourceTree = "<group>"; };
		19F68AFD182030CD00A90621 /* lparser.h */ = {isa = PBXFileReference; fileEncoding = 4; lastKnownFileType = sourcecode.c.h; path = lparser.h; sourceTree = "<group>"; };
		19F68AFE182030CD00A90621 /* lstate.c */ = {isa = PBXFileReference; fileEncoding = 4; lastKnownFileType = sourcecode.c.c; path = lstate.c; sourceTree = "<group>"; };
		19F68AFF182030CD00A90621 /* lstate.h */ = {isa = PBXFileReference; fileEncoding = 4; lastKnownFileType = sourcecode.c.h; path = lstate.h; sourceTree = "<group>"; };
		19F68B00182030CD00A90621 /* lstring.c */ = {isa = PBXFileReference; fileEncoding = 4; lastKnownFileType = sourcecode.c.c; path = lstring.c; sourceTree = "<group>"; };
		19F68B01182030CD00A90621 /* lstring.h */ = {isa = PBXFileReference; fileEncoding = 4; lastKnownFileType = sourcecode.c.h; path = lstring.h; sourceTree = "<group>"; };
		19F68B02182030CD00A90621 /* lstrlib.c */ = {isa = PBXFileReference; fileEncoding = 4; lastKnownFileType = sourcecode.c.c; path = lstrlib.c; sourceTree = "<group>"; };
		19F68B03182030CD00A90621 /* ltable.c */ = {isa = PBXFileReference; fileEncoding = 4; lastKnownFileType = sourcecode.c.c; path = ltable.c; sourceTree = "<group>"; };
		19F68B04182030CD00A90621 /* ltable.h */ = {isa = PBXFileReference; fileEncoding = 4; lastKnownFileType = sourcecode.c.h; path = ltable.h; sourceTree = "<group>"; };
		19F68B05182030CD00A90621 /* ltablib.c */ = {isa = PBXFileReference; fileEncoding = 4; lastKnownFileType = sourcecode.c.c; path = ltablib.c; sourceTree = "<group>"; };
		19F68B06182030CD00A90621 /* ltm.c */ = {isa = PBXFileReference; fileEncoding = 4; lastKnownFileType = sourcecode.c.c; path = ltm.c; sourceTree = "<group>"; };
		19F68B07182030CD00A90621 /* ltm.h */ = {isa = PBXFileReference; fileEncoding = 4; lastKnownFileType = sourcecode.c.h; path = ltm.h; sourceTree = "<group>"; };
		19F68B08182030CD00A90621 /* lundump.c */ = {isa = PBXFileReference; fileEncoding = 4; lastKnownFileType = sourcecode.c.c; path = lundump.c; sourceTree = "<group>"; };
		19F68B09182030CD00A90621 /* lundump.h */ = {isa = PBXFileReference; fileEncoding = 4; lastKnownFileType = sourcecode.c.h; path = lundump.h; sourceTree = "<group>"; };
		19F68B0A182030CD00A90621 /* lvm.c */ = {isa = PBXFileReference; fileEncoding = 4; lastKnownFileType = sourcecode.c.c; path = lvm.c; sourceTree = "<group>"; };
		19F68B0B182030CD00A90621 /* lvm.h */ = {isa = PBXFileReference; fileEncoding = 4; lastKnownFileType = sourcecode.c.h; path = lvm.h; sourceTree = "<group>"; };
		19F68B0C182030CD00A90621 /* lzio.c */ = {isa = PBXFileReference; fileEncoding = 4; lastKnownFileType = sourcecode.c.c; path = lzio.c; sourceTree = "<group>"; };
		19F68B0D182030CD00A90621 /* lzio.h */ = {isa = PBXFileReference; fileEncoding = 4; lastKnownFileType = sourcecode.c.h; path = lzio.h; sourceTree = "<group>"; };
		19F68B2F1820357700A90621 /* avg.lua */ = {isa = PBXFileReference; fileEncoding = 4; lastKnownFileType = text; path = avg.lua; sourceTree = "<group>"; };
		19F68B3118203E3000A90621 /* add.lua */ = {isa = PBXFileReference; fileEncoding = 4; lastKnownFileType = text; path = add.lua; sourceTree = "<group>"; };
/* End PBXFileReference section */

/* Begin PBXFrameworksBuildPhase section */
		1957EA0D181BD77300F5832B /* Frameworks */ = {
			isa = PBXFrameworksBuildPhase;
			buildActionMask = 2147483647;
			files = (
				1957EA1C181BD77300F5832B /* OpenGLES.framework in Frameworks */,
				1957EA16181BD77300F5832B /* CoreGraphics.framework in Frameworks */,
				1957EA18181BD77300F5832B /* UIKit.framework in Frameworks */,
				1957EA1A181BD77300F5832B /* GLKit.framework in Frameworks */,
				1957EA14181BD77300F5832B /* Foundation.framework in Frameworks */,
			);
			runOnlyForDeploymentPostprocessing = 0;
		};
		1957EA39181BD77300F5832B /* Frameworks */ = {
			isa = PBXFrameworksBuildPhase;
			buildActionMask = 2147483647;
			files = (
				1957EA3E181BD77300F5832B /* XCTest.framework in Frameworks */,
				1957EA40181BD77300F5832B /* UIKit.framework in Frameworks */,
				1957EA3F181BD77300F5832B /* Foundation.framework in Frameworks */,
			);
			runOnlyForDeploymentPostprocessing = 0;
		};
/* End PBXFrameworksBuildPhase section */

/* Begin PBXGroup section */
		1957EA07181BD77300F5832B = {
			isa = PBXGroup;
			children = (
				1957EA1D181BD77300F5832B /* Ludo */,
				1957EA43181BD77300F5832B /* LudoTests */,
				1957EA12181BD77300F5832B /* Frameworks */,
				1957EA11181BD77300F5832B /* Products */,
			);
			sourceTree = "<group>";
		};
		1957EA11181BD77300F5832B /* Products */ = {
			isa = PBXGroup;
			children = (
				1957EA10181BD77300F5832B /* Ludo.app */,
				1957EA3C181BD77300F5832B /* LudoTests.xctest */,
			);
			name = Products;
			sourceTree = "<group>";
		};
		1957EA12181BD77300F5832B /* Frameworks */ = {
			isa = PBXGroup;
			children = (
				1957EA13181BD77300F5832B /* Foundation.framework */,
				1957EA15181BD77300F5832B /* CoreGraphics.framework */,
				1957EA17181BD77300F5832B /* UIKit.framework */,
				1957EA19181BD77300F5832B /* GLKit.framework */,
				1957EA1B181BD77300F5832B /* OpenGLES.framework */,
				1957EA3D181BD77300F5832B /* XCTest.framework */,
			);
			name = Frameworks;
			sourceTree = "<group>";
		};
		1957EA1D181BD77300F5832B /* Ludo */ = {
			isa = PBXGroup;
			children = (
				19F68B2E1820355B00A90621 /* scripts */,
				19BCCBCA181D09E90087BC8E /* src */,
				19BCCBA8181D09490087BC8E /* shaders */,
				1957EA36181BD77300F5832B /* Images.xcassets */,
				1957EA1E181BD77300F5832B /* Supporting Files */,
			);
			path = Ludo;
			sourceTree = "<group>";
		};
		1957EA1E181BD77300F5832B /* Supporting Files */ = {
			isa = PBXGroup;
			children = (
				1957EA1F181BD77300F5832B /* Ludo-Info.plist */,
				1957EA20181BD77300F5832B /* InfoPlist.strings */,
				1957EA23181BD77300F5832B /* main.m */,
				1957EA25181BD77300F5832B /* Ludo-Prefix.pch */,
				1968110E181D6BA60043DBF0 /* Main_iPad.storyboard */,
				19681110181D6BA60043DBF0 /* Main_iPhone.storyboard */,
			);
			name = "Supporting Files";
			sourceTree = "<group>";
		};
		1957EA43181BD77300F5832B /* LudoTests */ = {
			isa = PBXGroup;
			children = (
				1957EA49181BD77300F5832B /* LudoTests.m */,
				1957EA44181BD77300F5832B /* Supporting Files */,
			);
			path = LudoTests;
			sourceTree = "<group>";
		};
		1957EA44181BD77300F5832B /* Supporting Files */ = {
			isa = PBXGroup;
			children = (
				1957EA45181BD77300F5832B /* LudoTests-Info.plist */,
				1957EA46181BD77300F5832B /* InfoPlist.strings */,
			);
			name = "Supporting Files";
			sourceTree = "<group>";
		};
		19BCCBA8181D09490087BC8E /* shaders */ = {
			isa = PBXGroup;
			children = (
				19BCCBAA181D09490087BC8E /* mesh.vsh */,
				19BCCBA9181D09490087BC8E /* mesh.fsh */,
				19BCCBE6181D10210087BC8E /* color.vsh */,
				19BCCBE8181D104F0087BC8E /* color.fsh */,
			);
			path = shaders;
			sourceTree = "<group>";
		};
		19BCCBCA181D09E90087BC8E /* src */ = {
			isa = PBXGroup;
			children = (
				19F68AD2182030CD00A90621 /* lua */,
				19BCCBD6181D09E90087BC8E /* LD_std_incl.h */,
				19BCCBD9181D09E90087BC8E /* LD_Types.h */,
				19BCCBCB181D09E90087BC8E /* LD_AppDelegate.h */,
				19BCCBCC181D09E90087BC8E /* LD_AppDelegate.m */,
				19BCCBDC181D09E90087BC8E /* LD_ViewController.h */,
				19BCCBDD181D09E90087BC8E /* LD_ViewController.m */,
				19BCCBD2181D09E90087BC8E /* LD_Root.h */,
				19BCCBD3181D09E90087BC8E /* LD_Root.m */,
				19BCCBCD181D09E90087BC8E /* LD_Console.h */,
				19BCCBCE181D09E90087BC8E /* LD_Console.m */,
				19BCCBCF181D09E90087BC8E /* LD_Constants.h */,
				19BCCBD0181D09E90087BC8E /* LD_Mesh.h */,
				19BCCBD1181D09E90087BC8E /* LD_Mesh.m */,
				19BCCBD4181D09E90087BC8E /* LD_Shader.h */,
				19BCCBD5181D09E90087BC8E /* LD_Shader.m */,
				19BCCBD7181D09E90087BC8E /* LD_Transform.h */,
				19BCCBD8181D09E90087BC8E /* LD_Transform.m */,
				19BCCBDA181D09E90087BC8E /* LD_Utilities.h */,
				19BCCBDB181D09E90087BC8E /* LD_Utilities.m */,
				19681114181D6C340043DBF0 /* LD_RootViewController.h */,
				19681115181D6C340043DBF0 /* LD_RootViewController.m */,
			);
			path = src;
			sourceTree = "<group>";
		};
		19F68AD2182030CD00A90621 /* lua */ = {
			isa = PBXGroup;
			children = (
				19F68AD3182030CD00A90621 /* include */,
				19F68AD9182030CD00A90621 /* src */,
			);
			path = lua;
			sourceTree = "<group>";
		};
		19F68AD3182030CD00A90621 /* include */ = {
			isa = PBXGroup;
			children = (
				19F68AD4182030CD00A90621 /* lauxlib.h */,
				19F68AD5182030CD00A90621 /* lua.h */,
				19F68AD6182030CD00A90621 /* lua.hpp */,
				19F68AD7182030CD00A90621 /* luaconf.h */,
				19F68AD8182030CD00A90621 /* lualib.h */,
			);
			path = include;
			sourceTree = "<group>";
		};
		19F68AD9182030CD00A90621 /* src */ = {
			isa = PBXGroup;
			children = (
				19F68ADA182030CD00A90621 /* lapi.c */,
				19F68ADB182030CD00A90621 /* lapi.h */,
				19F68ADC182030CD00A90621 /* lauxlib.c */,
				19F68ADD182030CD00A90621 /* lbaselib.c */,
				19F68ADE182030CD00A90621 /* lbitlib.c */,
				19F68ADF182030CD00A90621 /* lcode.c */,
				19F68AE0182030CD00A90621 /* lcode.h */,
				19F68AE1182030CD00A90621 /* lcorolib.c */,
				19F68AE2182030CD00A90621 /* lctype.c */,
				19F68AE3182030CD00A90621 /* lctype.h */,
				19F68AE4182030CD00A90621 /* ldblib.c */,
				19F68AE5182030CD00A90621 /* ldebug.c */,
				19F68AE6182030CD00A90621 /* ldebug.h */,
				19F68AE7182030CD00A90621 /* ldo.c */,
				19F68AE8182030CD00A90621 /* ldo.h */,
				19F68AE9182030CD00A90621 /* ldump.c */,
				19F68AEA182030CD00A90621 /* lfunc.c */,
				19F68AEB182030CD00A90621 /* lfunc.h */,
				19F68AEC182030CD00A90621 /* lgc.c */,
				19F68AED182030CD00A90621 /* lgc.h */,
				19F68AEE182030CD00A90621 /* linit.c */,
				19F68AEF182030CD00A90621 /* liolib.c */,
				19F68AF0182030CD00A90621 /* llex.c */,
				19F68AF1182030CD00A90621 /* llex.h */,
				19F68AF2182030CD00A90621 /* llimits.h */,
				19F68AF3182030CD00A90621 /* lmathlib.c */,
				19F68AF4182030CD00A90621 /* lmem.c */,
				19F68AF5182030CD00A90621 /* lmem.h */,
				19F68AF6182030CD00A90621 /* loadlib.c */,
				19F68AF7182030CD00A90621 /* lobject.c */,
				19F68AF8182030CD00A90621 /* lobject.h */,
				19F68AF9182030CD00A90621 /* lopcodes.c */,
				19F68AFA182030CD00A90621 /* lopcodes.h */,
				19F68AFB182030CD00A90621 /* loslib.c */,
				19F68AFC182030CD00A90621 /* lparser.c */,
				19F68AFD182030CD00A90621 /* lparser.h */,
				19F68AFE182030CD00A90621 /* lstate.c */,
				19F68AFF182030CD00A90621 /* lstate.h */,
				19F68B00182030CD00A90621 /* lstring.c */,
				19F68B01182030CD00A90621 /* lstring.h */,
				19F68B02182030CD00A90621 /* lstrlib.c */,
				19F68B03182030CD00A90621 /* ltable.c */,
				19F68B04182030CD00A90621 /* ltable.h */,
				19F68B05182030CD00A90621 /* ltablib.c */,
				19F68B06182030CD00A90621 /* ltm.c */,
				19F68B07182030CD00A90621 /* ltm.h */,
				19F68B08182030CD00A90621 /* lundump.c */,
				19F68B09182030CD00A90621 /* lundump.h */,
				19F68B0A182030CD00A90621 /* lvm.c */,
				19F68B0B182030CD00A90621 /* lvm.h */,
				19F68B0C182030CD00A90621 /* lzio.c */,
				19F68B0D182030CD00A90621 /* lzio.h */,
			);
			path = src;
			sourceTree = "<group>";
		};
		19F68B2E1820355B00A90621 /* scripts */ = {
			isa = PBXGroup;
			children = (
				19F68B2F1820357700A90621 /* avg.lua */,
				19F68B3118203E3000A90621 /* add.lua */,
			);
			path = scripts;
			sourceTree = "<group>";
		};
/* End PBXGroup section */

/* Begin PBXNativeTarget section */
		1957EA0F181BD77300F5832B /* Ludo */ = {
			isa = PBXNativeTarget;
			buildConfigurationList = 1957EA4D181BD77300F5832B /* Build configuration list for PBXNativeTarget "Ludo" */;
			buildPhases = (
				1957EA0C181BD77300F5832B /* Sources */,
				1957EA0D181BD77300F5832B /* Frameworks */,
				1957EA0E181BD77300F5832B /* Resources */,
			);
			buildRules = (
			);
			dependencies = (
			);
			name = Ludo;
			productName = Ludo;
			productReference = 1957EA10181BD77300F5832B /* Ludo.app */;
			productType = "com.apple.product-type.application";
		};
		1957EA3B181BD77300F5832B /* LudoTests */ = {
			isa = PBXNativeTarget;
			buildConfigurationList = 1957EA50181BD77300F5832B /* Build configuration list for PBXNativeTarget "LudoTests" */;
			buildPhases = (
				1957EA38181BD77300F5832B /* Sources */,
				1957EA39181BD77300F5832B /* Frameworks */,
				1957EA3A181BD77300F5832B /* Resources */,
			);
			buildRules = (
			);
			dependencies = (
				1957EA42181BD77300F5832B /* PBXTargetDependency */,
			);
			name = LudoTests;
			productName = LudoTests;
			productReference = 1957EA3C181BD77300F5832B /* LudoTests.xctest */;
			productType = "com.apple.product-type.bundle.unit-test";
		};
/* End PBXNativeTarget section */

/* Begin PBXProject section */
		1957EA08181BD77300F5832B /* Project object */ = {
			isa = PBXProject;
			attributes = {
				CLASSPREFIX = LD;
				LastUpgradeCheck = 0500;
				ORGANIZATIONNAME = whackylabs;
				TargetAttributes = {
					1957EA3B181BD77300F5832B = {
						TestTargetID = 1957EA0F181BD77300F5832B;
					};
				};
			};
			buildConfigurationList = 1957EA0B181BD77300F5832B /* Build configuration list for PBXProject "Ludo" */;
			compatibilityVersion = "Xcode 3.2";
			developmentRegion = English;
			hasScannedForEncodings = 0;
			knownRegions = (
				en,
				Base,
			);
			mainGroup = 1957EA07181BD77300F5832B;
			productRefGroup = 1957EA11181BD77300F5832B /* Products */;
			projectDirPath = "";
			projectRoot = "";
			targets = (
				1957EA0F181BD77300F5832B /* Ludo */,
				1957EA3B181BD77300F5832B /* LudoTests */,
			);
		};
/* End PBXProject section */

/* Begin PBXResourcesBuildPhase section */
		1957EA0E181BD77300F5832B /* Resources */ = {
			isa = PBXResourcesBuildPhase;
			buildActionMask = 2147483647;
			files = (
				1957EA37181BD77300F5832B /* Images.xcassets in Resources */,
				1957EA22181BD77300F5832B /* InfoPlist.strings in Resources */,
				19BCCBC1181D09490087BC8E /* mesh.vsh in Resources */,
				19F68B301820357700A90621 /* avg.lua in Resources */,
				19BCCBC0181D09490087BC8E /* mesh.fsh in Resources */,
				19681113181D6BA60043DBF0 /* Main_iPhone.storyboard in Resources */,
				19F68B3218203E3000A90621 /* add.lua in Resources */,
				19BCCBE9181D104F0087BC8E /* color.fsh in Resources */,
				19681112181D6BA60043DBF0 /* Main_iPad.storyboard in Resources */,
				19BCCBE7181D10210087BC8E /* color.vsh in Resources */,
			);
			runOnlyForDeploymentPostprocessing = 0;
		};
		1957EA3A181BD77300F5832B /* Resources */ = {
			isa = PBXResourcesBuildPhase;
			buildActionMask = 2147483647;
			files = (
				1957EA48181BD77300F5832B /* InfoPlist.strings in Resources */,
			);
			runOnlyForDeploymentPostprocessing = 0;
		};
/* End PBXResourcesBuildPhase section */

/* Begin PBXSourcesBuildPhase section */
		1957EA0C181BD77300F5832B /* Sources */ = {
			isa = PBXSourcesBuildPhase;
			buildActionMask = 2147483647;
			files = (
				19F68B1D182030CD00A90621 /* llex.c in Sources */,
				19F68B1B182030CD00A90621 /* linit.c in Sources */,
				19F68B15182030CD00A90621 /* ldblib.c in Sources */,
				19BCCBE3181D09E90087BC8E /* LD_Transform.m in Sources */,
				19F68B28182030CD00A90621 /* ltable.c in Sources */,
				19F68B13182030CD00A90621 /* lcorolib.c in Sources */,
				19F68B29182030CD00A90621 /* ltablib.c in Sources */,
				19F68B22182030CD00A90621 /* lopcodes.c in Sources */,
				19F68B18182030CD00A90621 /* ldump.c in Sources */,
				19F68B2A182030CD00A90621 /* ltm.c in Sources */,
				19F68B1F182030CD00A90621 /* lmem.c in Sources */,
				19BCCBE5181D09E90087BC8E /* LD_ViewController.m in Sources */,
				19BCCBE1181D09E90087BC8E /* LD_Root.m in Sources */,
				19BCCBE0181D09E90087BC8E /* LD_Mesh.m in Sources */,
				19F68B0E182030CD00A90621 /* lapi.c in Sources */,
				19BCCBDE181D09E90087BC8E /* LD_AppDelegate.m in Sources */,
				19F68B16182030CD00A90621 /* ldebug.c in Sources */,
				19F68B2D182030CD00A90621 /* lzio.c in Sources */,
				19F68B21182030CD00A90621 /* lobject.c in Sources */,
				19F68B1A182030CD00A90621 /* lgc.c in Sources */,
				19F68B24182030CD00A90621 /* lparser.c in Sources */,
				19F68B17182030CD00A90621 /* ldo.c in Sources */,
				19BCCBE4181D09E90087BC8E /* LD_Utilities.m in Sources */,
				19681116181D6C340043DBF0 /* LD_RootViewController.m in Sources */,
				19F68B2B182030CD00A90621 /* lundump.c in Sources */,
				19F68B20182030CD00A90621 /* loadlib.c in Sources */,
				19F68B14182030CD00A90621 /* lctype.c in Sources */,
				19F68B27182030CD00A90621 /* lstrlib.c in Sources */,
				19F68B11182030CD00A90621 /* lbitlib.c in Sources */,
				19F68B12182030CD00A90621 /* lcode.c in Sources */,
				19BCCBDF181D09E90087BC8E /* LD_Console.m in Sources */,
				19F68B1E182030CD00A90621 /* lmathlib.c in Sources */,
				19F68B10182030CD00A90621 /* lbaselib.c in Sources */,
				19F68B19182030CD00A90621 /* lfunc.c in Sources */,
				19BCCBE2181D09E90087BC8E /* LD_Shader.m in Sources */,
				1957EA24181BD77300F5832B /* main.m in Sources */,
				19F68B0F182030CD00A90621 /* lauxlib.c in Sources */,
				19F68B2C182030CD00A90621 /* lvm.c in Sources */,
				19F68B23182030CD00A90621 /* loslib.c in Sources */,
				19F68B25182030CD00A90621 /* lstate.c in Sources */,
				19F68B26182030CD00A90621 /* lstring.c in Sources */,
				19F68B1C182030CD00A90621 /* liolib.c in Sources */,
			);
			runOnlyForDeploymentPostprocessing = 0;
		};
		1957EA38181BD77300F5832B /* Sources */ = {
			isa = PBXSourcesBuildPhase;
			buildActionMask = 2147483647;
			files = (
				1957EA4A181BD77300F5832B /* LudoTests.m in Sources */,
			);
			runOnlyForDeploymentPostprocessing = 0;
		};
/* End PBXSourcesBuildPhase section */

/* Begin PBXTargetDependency section */
		1957EA42181BD77300F5832B /* PBXTargetDependency */ = {
			isa = PBXTargetDependency;
			target = 1957EA0F181BD77300F5832B /* Ludo */;
			targetProxy = 1957EA41181BD77300F5832B /* PBXContainerItemProxy */;
		};
/* End PBXTargetDependency section */

/* Begin PBXVariantGroup section */
		1957EA20181BD77300F5832B /* InfoPlist.strings */ = {
			isa = PBXVariantGroup;
			children = (
				1957EA21181BD77300F5832B /* en */,
			);
			name = InfoPlist.strings;
			sourceTree = "<group>";
		};
		1957EA46181BD77300F5832B /* InfoPlist.strings */ = {
			isa = PBXVariantGroup;
			children = (
				1957EA47181BD77300F5832B /* en */,
			);
			name = InfoPlist.strings;
			sourceTree = "<group>";
		};
		1968110E181D6BA60043DBF0 /* Main_iPad.storyboard */ = {
			isa = PBXVariantGroup;
			children = (
				1968110F181D6BA60043DBF0 /* Base */,
			);
			name = Main_iPad.storyboard;
			sourceTree = "<group>";
		};
		19681110181D6BA60043DBF0 /* Main_iPhone.storyboard */ = {
			isa = PBXVariantGroup;
			children = (
				19681111181D6BA60043DBF0 /* Base */,
			);
			name = Main_iPhone.storyboard;
			sourceTree = "<group>";
		};
/* End PBXVariantGroup section */

/* Begin XCBuildConfiguration section */
		1957EA4B181BD77300F5832B /* Debug */ = {
			isa = XCBuildConfiguration;
			buildSettings = {
				ALWAYS_SEARCH_USER_PATHS = NO;
				ARCHS = "$(ARCHS_STANDARD_INCLUDING_64_BIT)";
				CLANG_CXX_LANGUAGE_STANDARD = "gnu++0x";
				CLANG_CXX_LIBRARY = "libc++";
				CLANG_ENABLE_MODULES = YES;
				CLANG_ENABLE_OBJC_ARC = YES;
				CLANG_WARN_BOOL_CONVERSION = YES;
				CLANG_WARN_CONSTANT_CONVERSION = YES;
				CLANG_WARN_DIRECT_OBJC_ISA_USAGE = YES_ERROR;
				CLANG_WARN_EMPTY_BODY = YES;
				CLANG_WARN_ENUM_CONVERSION = YES;
				CLANG_WARN_INT_CONVERSION = YES;
				CLANG_WARN_OBJC_ROOT_CLASS = YES_ERROR;
				CLANG_WARN__DUPLICATE_METHOD_MATCH = YES;
				"CODE_SIGN_IDENTITY[sdk=iphoneos*]" = "iPhone Developer";
				COPY_PHASE_STRIP = NO;
				GCC_C_LANGUAGE_STANDARD = gnu99;
				GCC_DYNAMIC_NO_PIC = NO;
				GCC_OPTIMIZATION_LEVEL = 0;
				GCC_PREPROCESSOR_DEFINITIONS = (
					"DEBUG=1",
					"$(inherited)",
				);
				GCC_SYMBOLS_PRIVATE_EXTERN = NO;
				GCC_WARN_64_TO_32_BIT_CONVERSION = YES;
				GCC_WARN_ABOUT_RETURN_TYPE = YES_ERROR;
				GCC_WARN_UNDECLARED_SELECTOR = YES;
				GCC_WARN_UNINITIALIZED_AUTOS = YES;
				GCC_WARN_UNUSED_FUNCTION = YES;
				GCC_WARN_UNUSED_VARIABLE = YES;
				IPHONEOS_DEPLOYMENT_TARGET = 7.0;
				ONLY_ACTIVE_ARCH = YES;
				SDKROOT = iphoneos;
				TARGETED_DEVICE_FAMILY = "1,2";
			};
			name = Debug;
		};
		1957EA4C181BD77300F5832B /* Release */ = {
			isa = XCBuildConfiguration;
			buildSettings = {
				ALWAYS_SEARCH_USER_PATHS = NO;
				ARCHS = "$(ARCHS_STANDARD_INCLUDING_64_BIT)";
				CLANG_CXX_LANGUAGE_STANDARD = "gnu++0x";
				CLANG_CXX_LIBRARY = "libc++";
				CLANG_ENABLE_MODULES = YES;
				CLANG_ENABLE_OBJC_ARC = YES;
				CLANG_WARN_BOOL_CONVERSION = YES;
				CLANG_WARN_CONSTANT_CONVERSION = YES;
				CLANG_WARN_DIRECT_OBJC_ISA_USAGE = YES_ERROR;
				CLANG_WARN_EMPTY_BODY = YES;
				CLANG_WARN_ENUM_CONVERSION = YES;
				CLANG_WARN_INT_CONVERSION = YES;
				CLANG_WARN_OBJC_ROOT_CLASS = YES_ERROR;
				CLANG_WARN__DUPLICATE_METHOD_MATCH = YES;
				"CODE_SIGN_IDENTITY[sdk=iphoneos*]" = "iPhone Developer";
				COPY_PHASE_STRIP = YES;
				ENABLE_NS_ASSERTIONS = NO;
				GCC_C_LANGUAGE_STANDARD = gnu99;
				GCC_WARN_64_TO_32_BIT_CONVERSION = YES;
				GCC_WARN_ABOUT_RETURN_TYPE = YES_ERROR;
				GCC_WARN_UNDECLARED_SELECTOR = YES;
				GCC_WARN_UNINITIALIZED_AUTOS = YES;
				GCC_WARN_UNUSED_FUNCTION = YES;
				GCC_WARN_UNUSED_VARIABLE = YES;
				IPHONEOS_DEPLOYMENT_TARGET = 7.0;
				SDKROOT = iphoneos;
				TARGETED_DEVICE_FAMILY = "1,2";
				VALIDATE_PRODUCT = YES;
			};
			name = Release;
		};
		1957EA4E181BD77300F5832B /* Debug */ = {
			isa = XCBuildConfiguration;
			buildSettings = {
				ASSETCATALOG_COMPILER_APPICON_NAME = AppIcon;
				ASSETCATALOG_COMPILER_LAUNCHIMAGE_NAME = LaunchImage;
				CLANG_ENABLE_OBJC_ARC = NO;
				GCC_PRECOMPILE_PREFIX_HEADER = YES;
				GCC_PREFIX_HEADER = "Ludo/Ludo-Prefix.pch";
				INFOPLIST_FILE = "Ludo/Ludo-Info.plist";
				PRODUCT_NAME = "$(TARGET_NAME)";
				WRAPPER_EXTENSION = app;
			};
			name = Debug;
		};
		1957EA4F181BD77300F5832B /* Release */ = {
			isa = XCBuildConfiguration;
			buildSettings = {
				ASSETCATALOG_COMPILER_APPICON_NAME = AppIcon;
				ASSETCATALOG_COMPILER_LAUNCHIMAGE_NAME = LaunchImage;
				CLANG_ENABLE_OBJC_ARC = NO;
				GCC_PRECOMPILE_PREFIX_HEADER = YES;
				GCC_PREFIX_HEADER = "Ludo/Ludo-Prefix.pch";
				INFOPLIST_FILE = "Ludo/Ludo-Info.plist";
				PRODUCT_NAME = "$(TARGET_NAME)";
				WRAPPER_EXTENSION = app;
			};
			name = Release;
		};
		1957EA51181BD77300F5832B /* Debug */ = {
			isa = XCBuildConfiguration;
			buildSettings = {
				ARCHS = "$(ARCHS_STANDARD_INCLUDING_64_BIT)";
				BUNDLE_LOADER = "$(BUILT_PRODUCTS_DIR)/Ludo.app/Ludo";
				FRAMEWORK_SEARCH_PATHS = (
					"$(SDKROOT)/Developer/Library/Frameworks",
					"$(inherited)",
					"$(DEVELOPER_FRAMEWORKS_DIR)",
				);
				GCC_PRECOMPILE_PREFIX_HEADER = YES;
				GCC_PREFIX_HEADER = "Ludo/Ludo-Prefix.pch";
				GCC_PREPROCESSOR_DEFINITIONS = (
					"DEBUG=1",
					"$(inherited)",
				);
				INFOPLIST_FILE = "LudoTests/LudoTests-Info.plist";
				PRODUCT_NAME = "$(TARGET_NAME)";
				TEST_HOST = "$(BUNDLE_LOADER)";
				WRAPPER_EXTENSION = xctest;
			};
			name = Debug;
		};
		1957EA52181BD77300F5832B /* Release */ = {
			isa = XCBuildConfiguration;
			buildSettings = {
				ARCHS = "$(ARCHS_STANDARD_INCLUDING_64_BIT)";
				BUNDLE_LOADER = "$(BUILT_PRODUCTS_DIR)/Ludo.app/Ludo";
				FRAMEWORK_SEARCH_PATHS = (
					"$(SDKROOT)/Developer/Library/Frameworks",
					"$(inherited)",
					"$(DEVELOPER_FRAMEWORKS_DIR)",
				);
				GCC_PRECOMPILE_PREFIX_HEADER = YES;
				GCC_PREFIX_HEADER = "Ludo/Ludo-Prefix.pch";
				INFOPLIST_FILE = "LudoTests/LudoTests-Info.plist";
				PRODUCT_NAME = "$(TARGET_NAME)";
				TEST_HOST = "$(BUNDLE_LOADER)";
				WRAPPER_EXTENSION = xctest;
			};
			name = Release;
		};
/* End XCBuildConfiguration section */

/* Begin XCConfigurationList section */
		1957EA0B181BD77300F5832B /* Build configuration list for PBXProject "Ludo" */ = {
			isa = XCConfigurationList;
			buildConfigurations = (
				1957EA4B181BD77300F5832B /* Debug */,
				1957EA4C181BD77300F5832B /* Release */,
			);
			defaultConfigurationIsVisible = 0;
			defaultConfigurationName = Release;
		};
		1957EA4D181BD77300F5832B /* Build configuration list for PBXNativeTarget "Ludo" */ = {
			isa = XCConfigurationList;
			buildConfigurations = (
				1957EA4E181BD77300F5832B /* Debug */,
				1957EA4F181BD77300F5832B /* Release */,
			);
			defaultConfigurationIsVisible = 0;
			defaultConfigurationName = Release;
		};
		1957EA50181BD77300F5832B /* Build configuration list for PBXNativeTarget "LudoTests" */ = {
			isa = XCConfigurationList;
			buildConfigurations = (
				1957EA51181BD77300F5832B /* Debug */,
				1957EA52181BD77300F5832B /* Release */,
			);
			defaultConfigurationIsVisible = 0;
			defaultConfigurationName = Release;
		};
/* End XCConfigurationList section */
	};
	rootObject = 1957EA08181BD77300F5832B /* Project object */;
}
